// !$*UTF8*$!
{
	archiveVersion = 1;
	classes = {
	};
	objectVersion = 46;
	objects = {

/* Begin PBXBuildFile section */
		59B1EDAB18B0BACC005772EF /* Foundation.framework in Frameworks */ = {isa = PBXBuildFile; fileRef = 59B1EDAA18B0BACC005772EF /* Foundation.framework */; };
		59B1EDB018B0BACC005772EF /* iOSWebHere.h in CopyFiles */ = {isa = PBXBuildFile; fileRef = 59B1EDAF18B0BACC005772EF /* iOSWebHere.h */; };
		59B1EDB218B0BACC005772EF /* iOSWebHere.m in Sources */ = {isa = PBXBuildFile; fileRef = 59B1EDB118B0BACC005772EF /* iOSWebHere.m */; };
		59B1EDB918B0BACC005772EF /* XCTest.framework in Frameworks */ = {isa = PBXBuildFile; fileRef = 59B1EDB818B0BACC005772EF /* XCTest.framework */; };
		59B1EDBA18B0BACC005772EF /* Foundation.framework in Frameworks */ = {isa = PBXBuildFile; fileRef = 59B1EDAA18B0BACC005772EF /* Foundation.framework */; };
		59B1EDBC18B0BACC005772EF /* UIKit.framework in Frameworks */ = {isa = PBXBuildFile; fileRef = 59B1EDBB18B0BACC005772EF /* UIKit.framework */; };
		59B1EDBF18B0BACC005772EF /* libiOSWebHere.a in Frameworks */ = {isa = PBXBuildFile; fileRef = 59B1EDA718B0BACC005772EF /* libiOSWebHere.a */; };
		59B1EDC518B0BACC005772EF /* InfoPlist.strings in Resources */ = {isa = PBXBuildFile; fileRef = 59B1EDC318B0BACC005772EF /* InfoPlist.strings */; };
		59B1EDC718B0BACC005772EF /* iOSWebHereTests.m in Sources */ = {isa = PBXBuildFile; fileRef = 59B1EDC618B0BACC005772EF /* iOSWebHereTests.m */; };
		7D65EFB4929247E8AC32030D /* libPods-iOSWebHereTests.a in Frameworks */ = {isa = PBXBuildFile; fileRef = 233A6188514344C28530D069 /* libPods-iOSWebHereTests.a */; };
		9327AB07BAC04651A0C814EE /* libPods-iOSWebHere.a in Frameworks */ = {isa = PBXBuildFile; fileRef = 1CB6D9CF2AD64CE9817056BE /* libPods-iOSWebHere.a */; };
/* End PBXBuildFile section */

/* Begin PBXContainerItemProxy section */
		59B1EDBD18B0BACC005772EF /* PBXContainerItemProxy */ = {
			isa = PBXContainerItemProxy;
			containerPortal = 59B1ED9F18B0BACC005772EF /* Project object */;
			proxyType = 1;
			remoteGlobalIDString = 59B1EDA618B0BACC005772EF;
			remoteInfo = iOSWebHere;
		};
/* End PBXContainerItemProxy section */

/* Begin PBXCopyFilesBuildPhase section */
		59B1EDA518B0BACC005772EF /* CopyFiles */ = {
			isa = PBXCopyFilesBuildPhase;
			buildActionMask = 2147483647;
			dstPath = "include/$(PRODUCT_NAME)";
			dstSubfolderSpec = 16;
			files = (
				59B1EDB018B0BACC005772EF /* iOSWebHere.h in CopyFiles */,
			);
			runOnlyForDeploymentPostprocessing = 0;
		};
/* End PBXCopyFilesBuildPhase section */

/* Begin PBXFileReference section */
		1CB6D9CF2AD64CE9817056BE /* libPods-iOSWebHere.a */ = {isa = PBXFileReference; explicitFileType = archive.ar; includeInIndex = 0; path = "libPods-iOSWebHere.a"; sourceTree = BUILT_PRODUCTS_DIR; };
		233A6188514344C28530D069 /* libPods-iOSWebHereTests.a */ = {isa = PBXFileReference; explicitFileType = archive.ar; includeInIndex = 0; path = "libPods-iOSWebHereTests.a"; sourceTree = BUILT_PRODUCTS_DIR; };
		3598F1B2AFB64A50BA37E3B4 /* Pods-iOSWebHereTests.xcconfig */ = {isa = PBXFileReference; includeInIndex = 1; lastKnownFileType = text.xcconfig; name = "Pods-iOSWebHereTests.xcconfig"; path = "../Pods/Pods-iOSWebHereTests.xcconfig"; sourceTree = "<group>"; };
		59B1EDA718B0BACC005772EF /* libiOSWebHere.a */ = {isa = PBXFileReference; explicitFileType = archive.ar; includeInIndex = 0; path = libiOSWebHere.a; sourceTree = BUILT_PRODUCTS_DIR; };
		59B1EDAA18B0BACC005772EF /* Foundation.framework */ = {isa = PBXFileReference; lastKnownFileType = wrapper.framework; name = Foundation.framework; path = System/Library/Frameworks/Foundation.framework; sourceTree = SDKROOT; };
		59B1EDAE18B0BACC005772EF /* iOSWebHere-Prefix.pch */ = {isa = PBXFileReference; lastKnownFileType = sourcecode.c.h; path = "iOSWebHere-Prefix.pch"; sourceTree = "<group>"; };
		59B1EDAF18B0BACC005772EF /* iOSWebHere.h */ = {isa = PBXFileReference; lastKnownFileType = sourcecode.c.h; path = iOSWebHere.h; sourceTree = "<group>"; };
		59B1EDB118B0BACC005772EF /* iOSWebHere.m */ = {isa = PBXFileReference; lastKnownFileType = sourcecode.c.objc; path = iOSWebHere.m; sourceTree = "<group>"; };
		59B1EDB718B0BACC005772EF /* iOSWebHereTests.xctest */ = {isa = PBXFileReference; explicitFileType = wrapper.cfbundle; includeInIndex = 0; path = iOSWebHereTests.xctest; sourceTree = BUILT_PRODUCTS_DIR; };
		59B1EDB818B0BACC005772EF /* XCTest.framework */ = {isa = PBXFileReference; lastKnownFileType = wrapper.framework; name = XCTest.framework; path = Library/Frameworks/XCTest.framework; sourceTree = DEVELOPER_DIR; };
		59B1EDBB18B0BACC005772EF /* UIKit.framework */ = {isa = PBXFileReference; lastKnownFileType = wrapper.framework; name = UIKit.framework; path = Library/Frameworks/UIKit.framework; sourceTree = DEVELOPER_DIR; };
		59B1EDC218B0BACC005772EF /* iOSWebHereTests-Info.plist */ = {isa = PBXFileReference; lastKnownFileType = text.plist.xml; path = "iOSWebHereTests-Info.plist"; sourceTree = "<group>"; };
		59B1EDC418B0BACC005772EF /* en */ = {isa = PBXFileReference; lastKnownFileType = text.plist.strings; name = en; path = en.lproj/InfoPlist.strings; sourceTree = "<group>"; };
		59B1EDC618B0BACC005772EF /* iOSWebHereTests.m */ = {isa = PBXFileReference; lastKnownFileType = sourcecode.c.objc; path = iOSWebHereTests.m; sourceTree = "<group>"; };
		96FD8682BE5E4267B01A524D /* Pods-iOSWebHere.xcconfig */ = {isa = PBXFileReference; includeInIndex = 1; lastKnownFileType = text.xcconfig; name = "Pods-iOSWebHere.xcconfig"; path = "../Pods/Pods-iOSWebHere.xcconfig"; sourceTree = "<group>"; };
/* End PBXFileReference section */

/* Begin PBXFrameworksBuildPhase section */
		59B1EDA418B0BACC005772EF /* Frameworks */ = {
			isa = PBXFrameworksBuildPhase;
			buildActionMask = 2147483647;
			files = (
				59B1EDAB18B0BACC005772EF /* Foundation.framework in Frameworks */,
				9327AB07BAC04651A0C814EE /* libPods-iOSWebHere.a in Frameworks */,
			);
			runOnlyForDeploymentPostprocessing = 0;
		};
		59B1EDB418B0BACC005772EF /* Frameworks */ = {
			isa = PBXFrameworksBuildPhase;
			buildActionMask = 2147483647;
			files = (
				59B1EDB918B0BACC005772EF /* XCTest.framework in Frameworks */,
				59B1EDBC18B0BACC005772EF /* UIKit.framework in Frameworks */,
				59B1EDBF18B0BACC005772EF /* libiOSWebHere.a in Frameworks */,
				59B1EDBA18B0BACC005772EF /* Foundation.framework in Frameworks */,
				7D65EFB4929247E8AC32030D /* libPods-iOSWebHereTests.a in Frameworks */,
			);
			runOnlyForDeploymentPostprocessing = 0;
		};
/* End PBXFrameworksBuildPhase section */

/* Begin PBXGroup section */
		59B1ED9E18B0BACC005772EF = {
			isa = PBXGroup;
			children = (
				59B1EDAC18B0BACC005772EF /* iOSWebHere */,
				59B1EDC018B0BACC005772EF /* iOSWebHereTests */,
				59B1EDA918B0BACC005772EF /* Frameworks */,
				59B1EDA818B0BACC005772EF /* Products */,
				96FD8682BE5E4267B01A524D /* Pods-iOSWebHere.xcconfig */,
				3598F1B2AFB64A50BA37E3B4 /* Pods-iOSWebHereTests.xcconfig */,
			);
			sourceTree = "<group>";
		};
		59B1EDA818B0BACC005772EF /* Products */ = {
			isa = PBXGroup;
			children = (
				59B1EDA718B0BACC005772EF /* libiOSWebHere.a */,
				59B1EDB718B0BACC005772EF /* iOSWebHereTests.xctest */,
			);
			name = Products;
			sourceTree = "<group>";
		};
		59B1EDA918B0BACC005772EF /* Frameworks */ = {
			isa = PBXGroup;
			children = (
				59B1EDAA18B0BACC005772EF /* Foundation.framework */,
				59B1EDB818B0BACC005772EF /* XCTest.framework */,
				59B1EDBB18B0BACC005772EF /* UIKit.framework */,
				1CB6D9CF2AD64CE9817056BE /* libPods-iOSWebHere.a */,
				233A6188514344C28530D069 /* libPods-iOSWebHereTests.a */,
			);
			name = Frameworks;
			sourceTree = "<group>";
		};
		59B1EDAC18B0BACC005772EF /* iOSWebHere */ = {
			isa = PBXGroup;
			children = (
				59B1EDAF18B0BACC005772EF /* iOSWebHere.h */,
				59B1EDB118B0BACC005772EF /* iOSWebHere.m */,
				59B1EDAD18B0BACC005772EF /* Supporting Files */,
			);
			path = iOSWebHere;
			sourceTree = "<group>";
		};
		59B1EDAD18B0BACC005772EF /* Supporting Files */ = {
			isa = PBXGroup;
			children = (
				59B1EDAE18B0BACC005772EF /* iOSWebHere-Prefix.pch */,
			);
			name = "Supporting Files";
			sourceTree = "<group>";
		};
		59B1EDC018B0BACC005772EF /* iOSWebHereTests */ = {
			isa = PBXGroup;
			children = (
				59B1EDC618B0BACC005772EF /* iOSWebHereTests.m */,
				59B1EDC118B0BACC005772EF /* Supporting Files */,
			);
			path = iOSWebHereTests;
			sourceTree = "<group>";
		};
		59B1EDC118B0BACC005772EF /* Supporting Files */ = {
			isa = PBXGroup;
			children = (
				59B1EDC218B0BACC005772EF /* iOSWebHereTests-Info.plist */,
				59B1EDC318B0BACC005772EF /* InfoPlist.strings */,
			);
			name = "Supporting Files";
			sourceTree = "<group>";
		};
/* End PBXGroup section */

/* Begin PBXNativeTarget section */
		59B1EDA618B0BACC005772EF /* iOSWebHere */ = {
			isa = PBXNativeTarget;
			buildConfigurationList = 59B1EDCA18B0BACC005772EF /* Build configuration list for PBXNativeTarget "iOSWebHere" */;
			buildPhases = (
				DC7DD68EF05D4BC1976C783E /* Check Pods Manifest.lock */,
				59B1EDA318B0BACC005772EF /* Sources */,
				59B1EDA418B0BACC005772EF /* Frameworks */,
				59B1EDA518B0BACC005772EF /* CopyFiles */,
				9EBB3F097C084ECC8A0A2E35 /* Copy Pods Resources */,
			);
			buildRules = (
			);
			dependencies = (
			);
			name = iOSWebHere;
			productName = iOSWebHere;
			productReference = 59B1EDA718B0BACC005772EF /* libiOSWebHere.a */;
			productType = "com.apple.product-type.library.static";
		};
		59B1EDB618B0BACC005772EF /* iOSWebHereTests */ = {
			isa = PBXNativeTarget;
			buildConfigurationList = 59B1EDCD18B0BACC005772EF /* Build configuration list for PBXNativeTarget "iOSWebHereTests" */;
			buildPhases = (
				5882DAA7845E4F6E82E009BF /* Check Pods Manifest.lock */,
				59B1EDB318B0BACC005772EF /* Sources */,
				59B1EDB418B0BACC005772EF /* Frameworks */,
				59B1EDB518B0BACC005772EF /* Resources */,
				0F9BFD56D5BE4A70B6A94743 /* Copy Pods Resources */,
			);
			buildRules = (
			);
			dependencies = (
				59B1EDBE18B0BACC005772EF /* PBXTargetDependency */,
			);
			name = iOSWebHereTests;
			productName = iOSWebHereTests;
			productReference = 59B1EDB718B0BACC005772EF /* iOSWebHereTests.xctest */;
			productType = "com.apple.product-type.bundle.unit-test";
		};
/* End PBXNativeTarget section */

/* Begin PBXProject section */
		59B1ED9F18B0BACC005772EF /* Project object */ = {
			isa = PBXProject;
			attributes = {
				LastUpgradeCheck = 0500;
				ORGANIZATIONNAME = "Rui Lopes";
			};
			buildConfigurationList = 59B1EDA218B0BACC005772EF /* Build configuration list for PBXProject "iOSWebHere" */;
			compatibilityVersion = "Xcode 3.2";
			developmentRegion = English;
			hasScannedForEncodings = 0;
			knownRegions = (
				en,
			);
			mainGroup = 59B1ED9E18B0BACC005772EF;
			productRefGroup = 59B1EDA818B0BACC005772EF /* Products */;
			projectDirPath = "";
			projectRoot = "";
			targets = (
				59B1EDA618B0BACC005772EF /* iOSWebHere */,
				59B1EDB618B0BACC005772EF /* iOSWebHereTests */,
			);
		};
/* End PBXProject section */

/* Begin PBXResourcesBuildPhase section */
		59B1EDB518B0BACC005772EF /* Resources */ = {
			isa = PBXResourcesBuildPhase;
			buildActionMask = 2147483647;
			files = (
				59B1EDC518B0BACC005772EF /* InfoPlist.strings in Resources */,
			);
			runOnlyForDeploymentPostprocessing = 0;
		};
/* End PBXResourcesBuildPhase section */

/* Begin PBXShellScriptBuildPhase section */
		0F9BFD56D5BE4A70B6A94743 /* Copy Pods Resources */ = {
			isa = PBXShellScriptBuildPhase;
			buildActionMask = 2147483647;
			files = (
			);
			inputPaths = (
			);
			name = "Copy Pods Resources";
			outputPaths = (
			);
			runOnlyForDeploymentPostprocessing = 0;
			shellPath = /bin/sh;
			shellScript = "\"${SRCROOT}/../Pods/Pods-iOSWebHereTests-resources.sh\"\n";
			showEnvVarsInLog = 0;
		};
		5882DAA7845E4F6E82E009BF /* Check Pods Manifest.lock */ = {
			isa = PBXShellScriptBuildPhase;
			buildActionMask = 2147483647;
			files = (
			);
			inputPaths = (
			);
			name = "Check Pods Manifest.lock";
			outputPaths = (
			);
			runOnlyForDeploymentPostprocessing = 0;
			shellPath = /bin/sh;
			shellScript = "diff \"${PODS_ROOT}/../Podfile.lock\" \"${PODS_ROOT}/Manifest.lock\" > /dev/null\nif [[ $? != 0 ]] ; then\n    cat << EOM\nerror: The sandbox is not in sync with the Podfile.lock. Run 'pod install' or update your CocoaPods installation.\nEOM\n    exit 1\nfi\n";
			showEnvVarsInLog = 0;
		};
		9EBB3F097C084ECC8A0A2E35 /* Copy Pods Resources */ = {
			isa = PBXShellScriptBuildPhase;
			buildActionMask = 2147483647;
			files = (
			);
			inputPaths = (
			);
			name = "Copy Pods Resources";
			outputPaths = (
			);
			runOnlyForDeploymentPostprocessing = 0;
			shellPath = /bin/sh;
			shellScript = "\"${SRCROOT}/../Pods/Pods-iOSWebHere-resources.sh\"\n";
			showEnvVarsInLog = 0;
		};
		DC7DD68EF05D4BC1976C783E /* Check Pods Manifest.lock */ = {
			isa = PBXShellScriptBuildPhase;
			buildActionMask = 2147483647;
			files = (
			);
			inputPaths = (
			);
			name = "Check Pods Manifest.lock";
			outputPaths = (
			);
			runOnlyForDeploymentPostprocessing = 0;
			shellPath = /bin/sh;
			shellScript = "diff \"${PODS_ROOT}/../Podfile.lock\" \"${PODS_ROOT}/Manifest.lock\" > /dev/null\nif [[ $? != 0 ]] ; then\n    cat << EOM\nerror: The sandbox is not in sync with the Podfile.lock. Run 'pod install' or update your CocoaPods installation.\nEOM\n    exit 1\nfi\n";
			showEnvVarsInLog = 0;
		};
/* End PBXShellScriptBuildPhase section */

/* Begin PBXSourcesBuildPhase section */
		59B1EDA318B0BACC005772EF /* Sources */ = {
			isa = PBXSourcesBuildPhase;
			buildActionMask = 2147483647;
			files = (
				59B1EDB218B0BACC005772EF /* iOSWebHere.m in Sources */,
			);
			runOnlyForDeploymentPostprocessing = 0;
		};
		59B1EDB318B0BACC005772EF /* Sources */ = {
			isa = PBXSourcesBuildPhase;
			buildActionMask = 2147483647;
			files = (
				59B1EDC718B0BACC005772EF /* iOSWebHereTests.m in Sources */,
			);
			runOnlyForDeploymentPostprocessing = 0;
		};
/* End PBXSourcesBuildPhase section */

/* Begin PBXTargetDependency section */
		59B1EDBE18B0BACC005772EF /* PBXTargetDependency */ = {
			isa = PBXTargetDependency;
			target = 59B1EDA618B0BACC005772EF /* iOSWebHere */;
			targetProxy = 59B1EDBD18B0BACC005772EF /* PBXContainerItemProxy */;
		};
/* End PBXTargetDependency section */

/* Begin PBXVariantGroup section */
		59B1EDC318B0BACC005772EF /* InfoPlist.strings */ = {
			isa = PBXVariantGroup;
			children = (
				59B1EDC418B0BACC005772EF /* en */,
			);
			name = InfoPlist.strings;
			sourceTree = "<group>";
		};
/* End PBXVariantGroup section */

/* Begin XCBuildConfiguration section */
		59B1EDC818B0BACC005772EF /* Debug */ = {
			isa = XCBuildConfiguration;
			buildSettings = {
				ALWAYS_SEARCH_USER_PATHS = NO;
				ARCHS = "$(ARCHS_STANDARD_INCLUDING_64_BIT)";
				CLANG_CXX_LANGUAGE_STANDARD = "gnu++0x";
				CLANG_CXX_LIBRARY = "libc++";
				CLANG_ENABLE_MODULES = YES;
				CLANG_ENABLE_OBJC_ARC = YES;
				CLANG_WARN_BOOL_CONVERSION = YES;
				CLANG_WARN_CONSTANT_CONVERSION = YES;
				CLANG_WARN_DIRECT_OBJC_ISA_USAGE = YES_ERROR;
				CLANG_WARN_EMPTY_BODY = YES;
				CLANG_WARN_ENUM_CONVERSION = YES;
				CLANG_WARN_INT_CONVERSION = YES;
				CLANG_WARN_OBJC_ROOT_CLASS = YES_ERROR;
				CLANG_WARN__DUPLICATE_METHOD_MATCH = YES;
				COPY_PHASE_STRIP = NO;
				GCC_C_LANGUAGE_STANDARD = gnu99;
				GCC_DYNAMIC_NO_PIC = NO;
				GCC_OPTIMIZATION_LEVEL = 0;
				GCC_PREPROCESSOR_DEFINITIONS = (
					"DEBUG=1",
					"$(inherited)",
				);
				GCC_SYMBOLS_PRIVATE_EXTERN = NO;
				GCC_WARN_64_TO_32_BIT_CONVERSION = YES;
				GCC_WARN_ABOUT_RETURN_TYPE = YES_ERROR;
				GCC_WARN_UNDECLARED_SELECTOR = YES;
				GCC_WARN_UNINITIALIZED_AUTOS = YES;
				GCC_WARN_UNUSED_FUNCTION = YES;
				GCC_WARN_UNUSED_VARIABLE = YES;
				IPHONEOS_DEPLOYMENT_TARGET = 7.0;
				ONLY_ACTIVE_ARCH = YES;
				SDKROOT = iphoneos;
			};
			name = Debug;
		};
		59B1EDC918B0BACC005772EF /* Release */ = {
			isa = XCBuildConfiguration;
			buildSettings = {
				ALWAYS_SEARCH_USER_PATHS = NO;
				ARCHS = "$(ARCHS_STANDARD_INCLUDING_64_BIT)";
				CLANG_CXX_LANGUAGE_STANDARD = "gnu++0x";
				CLANG_CXX_LIBRARY = "libc++";
				CLANG_ENABLE_MODULES = YES;
				CLANG_ENABLE_OBJC_ARC = YES;
				CLANG_WARN_BOOL_CONVERSION = YES;
				CLANG_WARN_CONSTANT_CONVERSION = YES;
				CLANG_WARN_DIRECT_OBJC_ISA_USAGE = YES_ERROR;
				CLANG_WARN_EMPTY_BODY = YES;
				CLANG_WARN_ENUM_CONVERSION = YES;
				CLANG_WARN_INT_CONVERSION = YES;
				CLANG_WARN_OBJC_ROOT_CLASS = YES_ERROR;
				CLANG_WARN__DUPLICATE_METHOD_MATCH = YES;
				COPY_PHASE_STRIP = YES;
				ENABLE_NS_ASSERTIONS = NO;
				GCC_C_LANGUAGE_STANDARD = gnu99;
				GCC_WARN_64_TO_32_BIT_CONVERSION = YES;
				GCC_WARN_ABOUT_RETURN_TYPE = YES_ERROR;
				GCC_WARN_UNDECLARED_SELECTOR = YES;
				GCC_WARN_UNINITIALIZED_AUTOS = YES;
				GCC_WARN_UNUSED_FUNCTION = YES;
				GCC_WARN_UNUSED_VARIABLE = YES;
				IPHONEOS_DEPLOYMENT_TARGET = 7.0;
				SDKROOT = iphoneos;
				VALIDATE_PRODUCT = YES;
			};
			name = Release;
		};
		59B1EDCB18B0BACC005772EF /* Debug */ = {
			isa = XCBuildConfiguration;
			baseConfigurationReference = 96FD8682BE5E4267B01A524D /* Pods-iOSWebHere.xcconfig */;
			buildSettings = {
				DSTROOT = /tmp/iOSWebHere.dst;
				GCC_PRECOMPILE_PREFIX_HEADER = YES;
				GCC_PREFIX_HEADER = "iOSWebHere/iOSWebHere-Prefix.pch";
				OTHER_LDFLAGS = (
					"-ObjC",
					"-framework",
					CoreGraphics,
					"-framework",
					MobileCoreServices,
					"-framework",
					Security,
					"-framework",
					SystemConfiguration,
				);
				PRODUCT_NAME = "$(TARGET_NAME)";
				SKIP_INSTALL = YES;
			};
			name = Debug;
		};
		59B1EDCC18B0BACC005772EF /* Release */ = {
			isa = XCBuildConfiguration;
			baseConfigurationReference = 96FD8682BE5E4267B01A524D /* Pods-iOSWebHere.xcconfig */;
			buildSettings = {
				DSTROOT = /tmp/iOSWebHere.dst;
				GCC_PRECOMPILE_PREFIX_HEADER = YES;
				GCC_PREFIX_HEADER = "iOSWebHere/iOSWebHere-Prefix.pch";
				OTHER_LDFLAGS = (
					"-ObjC",
					"-framework",
					CoreGraphics,
					"-framework",
					MobileCoreServices,
					"-framework",
					Security,
					"-framework",
					SystemConfiguration,
				);
				PRODUCT_NAME = "$(TARGET_NAME)";
				SKIP_INSTALL = YES;
			};
			name = Release;
		};
		59B1EDCE18B0BACC005772EF /* Debug */ = {
			isa = XCBuildConfiguration;
			baseConfigurationReference = 3598F1B2AFB64A50BA37E3B4 /* Pods-iOSWebHereTests.xcconfig */;
			buildSettings = {
				ARCHS = "$(ARCHS_STANDARD_INCLUDING_64_BIT)";
				FRAMEWORK_SEARCH_PATHS = (
					"$(SDKROOT)/Developer/Library/Frameworks",
					"$(inherited)",
					"$(DEVELOPER_FRAMEWORKS_DIR)",
				);
				GCC_PRECOMPILE_PREFIX_HEADER = YES;
				GCC_PREFIX_HEADER = "iOSWebHere/iOSWebHere-Prefix.pch";
				GCC_PREPROCESSOR_DEFINITIONS = (
					"DEBUG=1",
					"$(inherited)",
				);
				INFOPLIST_FILE = "iOSWebHereTests/iOSWebHereTests-Info.plist";
				OTHER_LDFLAGS = (
					"-ObjC",
					"-framework",
					CFNetwork,
					"-framework",
					XCTest,
					"-lxml2",
				);
				PRODUCT_NAME = "$(TARGET_NAME)";
				WRAPPER_EXTENSION = xctest;
			};
			name = Debug;
		};
		59B1EDCF18B0BACC005772EF /* Release */ = {
			isa = XCBuildConfiguration;
			baseConfigurationReference = 3598F1B2AFB64A50BA37E3B4 /* Pods-iOSWebHereTests.xcconfig */;
			buildSettings = {
				ARCHS = "$(ARCHS_STANDARD_INCLUDING_64_BIT)";
				FRAMEWORK_SEARCH_PATHS = (
					"$(SDKROOT)/Developer/Library/Frameworks",
					"$(inherited)",
					"$(DEVELOPER_FRAMEWORKS_DIR)",
				);
				GCC_PRECOMPILE_PREFIX_HEADER = YES;
				GCC_PREFIX_HEADER = "iOSWebHere/iOSWebHere-Prefix.pch";
				INFOPLIST_FILE = "iOSWebHereTests/iOSWebHereTests-Info.plist";
				OTHER_LDFLAGS = (
					"-ObjC",
					"-framework",
					CFNetwork,
					"-framework",
					XCTest,
					"-lxml2",
				);
				PRODUCT_NAME = "$(TARGET_NAME)";
				WRAPPER_EXTENSION = xctest;
			};
			name = Release;
		};
/* End XCBuildConfiguration section */

/* Begin XCConfigurationList section */
		59B1EDA218B0BACC005772EF /* Build configuration list for PBXProject "iOSWebHere" */ = {
			isa = XCConfigurationList;
			buildConfigurations = (
				59B1EDC818B0BACC005772EF /* Debug */,
				59B1EDC918B0BACC005772EF /* Release */,
			);
			defaultConfigurationIsVisible = 0;
			defaultConfigurationName = Release;
		};
		59B1EDCA18B0BACC005772EF /* Build configuration list for PBXNativeTarget "iOSWebHere" */ = {
			isa = XCConfigurationList;
			buildConfigurations = (
				59B1EDCB18B0BACC005772EF /* Debug */,
				59B1EDCC18B0BACC005772EF /* Release */,
			);
			defaultConfigurationIsVisible = 0;
			defaultConfigurationName = Release;
		};
		59B1EDCD18B0BACC005772EF /* Build configuration list for PBXNativeTarget "iOSWebHereTests" */ = {
			isa = XCConfigurationList;
			buildConfigurations = (
				59B1EDCE18B0BACC005772EF /* Debug */,
				59B1EDCF18B0BACC005772EF /* Release */,
			);
			defaultConfigurationIsVisible = 0;
			defaultConfigurationName = Release;
		};
/* End XCConfigurationList section */
	};
	rootObject = 59B1ED9F18B0BACC005772EF /* Project object */;
}
