PODS:
  - AFNetworking (3.0.4):
    - AFNetworking/NSURLSession (= 3.0.4)
    - AFNetworking/Reachability (= 3.0.4)
    - AFNetworking/Security (= 3.0.4)
    - AFNetworking/Serialization (= 3.0.4)
    - AFNetworking/UIKit (= 3.0.4)
  - AFNetworking/NSURLSession (3.0.4):
    - AFNetworking/Reachability
    - AFNetworking/Security
    - AFNetworking/Serialization
  - AFNetworking/Reachability (3.0.4)
  - AFNetworking/Security (3.0.4)
  - AFNetworking/Serialization (3.0.4)
  - AFNetworking/UIKit (3.0.4):
    - AFNetworking/NSURLSession
  - Expecta (1.0.6)
  - GDataXML-HTML (1.4.1)
  - Nocilla (0.11.0)
  - Specta (1.0.7)
  - WebHere (0.3.0):
    - AFNetworking (= 3.0.4)
    - GDataXML-HTML

DEPENDENCIES:
  - Expecta
  - Nocilla
  - Specta
  - WebHere (from `../`)

SPEC REPOS:
  https://github.com/cocoapods/specs.git:
    - AFNetworking
    - Expecta
    - GDataXML-HTML
    - Nocilla
    - Specta

EXTERNAL SOURCES:
  WebHere:
    :path: "../"

SPEC CHECKSUMS:
  AFNetworking: a0075feb321559dc78d9d85b55d11caa19eabb93
  Expecta: 3b6bd90a64b9a1dcb0b70aa0e10a7f8f631667d5
  GDataXML-HTML: a4f11079b48d9fe96ff1fe478943a317185227e2
  Nocilla: 7af7a386071150cc8aa5da4da97d060f049dd61c
  Specta: 3e1bd89c3517421982dc4d1c992503e48bd5fe66
  WebHere: fab29740646964c5acd407d5df4441bd5bf77883

PODFILE CHECKSUM: ae9ac1dc8cc7faa2e0525954dfb1fe1e949ad93d

COCOAPODS: 1.5.3
