PODS:
  - AFNetworking (2.5.0):
    - AFNetworking/NSURLConnection (= 2.5.0)
    - AFNetworking/NSURLSession (= 2.5.0)
    - AFNetworking/Reachability (= 2.5.0)
    - AFNetworking/Security (= 2.5.0)
    - AFNetworking/Serialization (= 2.5.0)
    - AFNetworking/UIKit (= 2.5.0)
  - AFNetworking/NSURLConnection (2.5.0):
    - AFNetworking/Reachability
    - AFNetworking/Security
    - AFNetworking/Serialization
  - AFNetworking/NSURLSession (2.5.0):
    - AFNetworking/Reachability
    - AFNetworking/Security
    - AFNetworking/Serialization
  - AFNetworking/Reachability (2.5.0)
  - AFNetworking/Security (2.5.0)
  - AFNetworking/Serialization (2.5.0)
  - AFNetworking/UIKit (2.5.0):
    - AFNetworking/NSURLConnection
    - AFNetworking/NSURLSession
  - Expecta (0.3.1)
  - GDataXML-HTML (1.2.0)
  - Nocilla (0.9.0)
  - Specta (0.3.0.beta1)
  - WebHere (0.2.0):
    - AFNetworking
    - GDataXML-HTML

DEPENDENCIES:
  - Expecta
  - Nocilla
  - Specta (from `https://github.com/specta/specta.git`, tag `v0.3.0.beta1`)
  - WebHere (from `../`)

EXTERNAL SOURCES:
  Specta:
    :git: https://github.com/specta/specta.git
    :tag: v0.3.0.beta1
  WebHere:
    :path: ../

CHECKOUT OPTIONS:
  Specta:
    :git: https://github.com/specta/specta.git
    :tag: v0.3.0.beta1

SPEC CHECKSUMS:
  AFNetworking: 0f54cb5d16ce38c1b76948faffb8d5fb705021c7
  Expecta: 03aabd0a89d8dea843baecb19a7fd7466a69a31d
  GDataXML-HTML: 3aa8f4200dd461d0a95d812397cebd6a2c98953f
  Nocilla: 4d713c56e7357fd0cac0363854d4a58021ad3f41
  Specta: 63e8ac8e07db6675c7096d37f77a266a1be4c02d
  WebHere: a8e5c9a1a9b750f22033a87968a84fb9b5d1df94

COCOAPODS: 0.35.0
