PODS:
  - AFNetworking (1.3.1)
  - Kiwi (2.2)
  - Nocilla (0.6)
  - OCLogTemplate (1.0)

DEPENDENCIES:
  - AFNetworking (~> 1.3.1)
  - Kiwi
  - Nocilla
  - OCLogTemplate

SPEC CHECKSUMS:
  AFNetworking: 9ec8aafb9269236a7630bd8d9838ce2ba30fa2a0
  Kiwi: db174bba4ee8068b15d7122f1b22fb64b7c1d378
  Nocilla: 8eb1de5a53f8567ca529d144880525448c6e713c
  OCLogTemplate: d448f0a0c7e34e715e0400fc04c6bd871b8c17f4

COCOAPODS: 0.23.0
