// !$*UTF8*$!
{
	archiveVersion = 1;
	classes = {
	};
	objectVersion = 46;
	objects = {

/* Begin PBXBuildFile section */
		56C67DB42B975B7023E0AFFE /* libPods-WebHereTests.a in Frameworks */ = {isa = PBXBuildFile; fileRef = C016D2E443810DB5E516A121 /* libPods-WebHereTests.a */; };
		59045C641A1008B500B25BB4 /* EXPMatchers+containAll.m in Sources */ = {isa = PBXBuildFile; fileRef = 59045C511A1008B500B25BB4 /* EXPMatchers+containAll.m */; };
		59045C651A1008B500B25BB4 /* WHLoginForm.m in Sources */ = {isa = PBXBuildFile; fileRef = 59045C541A1008B500B25BB4 /* WHLoginForm.m */; };
		59045C661A1008B500B25BB4 /* WHNSObject.m in Sources */ = {isa = PBXBuildFile; fileRef = 59045C561A1008B500B25BB4 /* WHNSObject.m */; };
		59045C671A1008B500B25BB4 /* WHPerson+HTML.m in Sources */ = {isa = PBXBuildFile; fileRef = 59045C581A1008B500B25BB4 /* WHPerson+HTML.m */; };
		59045C681A1008B500B25BB4 /* WHPerson.m in Sources */ = {isa = PBXBuildFile; fileRef = 59045C5A1A1008B500B25BB4 /* WHPerson.m */; };
		59045C691A1008B500B25BB4 /* WHPersonQueryForm.m in Sources */ = {isa = PBXBuildFile; fileRef = 59045C5C1A1008B500B25BB4 /* WHPersonQueryForm.m */; };
		59045C6A1A1008B500B25BB4 /* NSObject_RuntimeSpec.m in Sources */ = {isa = PBXBuildFile; fileRef = 59045C5D1A1008B500B25BB4 /* NSObject_RuntimeSpec.m */; };
		59045C6B1A1008B500B25BB4 /* WHForm_HTMLSpec.m in Sources */ = {isa = PBXBuildFile; fileRef = 59045C5F1A1008B500B25BB4 /* WHForm_HTMLSpec.m */; };
		59045C6C1A1008B500B25BB4 /* WHHTTPRequestSpec.m in Sources */ = {isa = PBXBuildFile; fileRef = 59045C601A1008B500B25BB4 /* WHHTTPRequestSpec.m */; };
		59045C6D1A1008B500B25BB4 /* WHLink_HTMLSpec.m in Sources */ = {isa = PBXBuildFile; fileRef = 59045C611A1008B500B25BB4 /* WHLink_HTMLSpec.m */; };
		59045C6E1A1008B500B25BB4 /* WHObjectSpec.m in Sources */ = {isa = PBXBuildFile; fileRef = 59045C621A1008B500B25BB4 /* WHObjectSpec.m */; };
		59045C6F1A1008B500B25BB4 /* WHWebsiteSpec.m in Sources */ = {isa = PBXBuildFile; fileRef = 59045C631A1008B500B25BB4 /* WHWebsiteSpec.m */; };
		59045C7C1A1008CC00B25BB4 /* NSObject+Runtime.h in Headers */ = {isa = PBXBuildFile; fileRef = 59045C701A1008CC00B25BB4 /* NSObject+Runtime.h */; };
		59045C7D1A1008CC00B25BB4 /* NSObject+Runtime.m in Sources */ = {isa = PBXBuildFile; fileRef = 59045C711A1008CC00B25BB4 /* NSObject+Runtime.m */; };
		59045C7E1A1008CC00B25BB4 /* WHHTMLResponseSerializer.h in Headers */ = {isa = PBXBuildFile; fileRef = 59045C721A1008CC00B25BB4 /* WHHTMLResponseSerializer.h */; };
		59045C7F1A1008CC00B25BB4 /* WHHTMLResponseSerializer.m in Sources */ = {isa = PBXBuildFile; fileRef = 59045C731A1008CC00B25BB4 /* WHHTMLResponseSerializer.m */; };
		59045C801A1008CC00B25BB4 /* WHHTTPRequest.h in Headers */ = {isa = PBXBuildFile; fileRef = 59045C741A1008CC00B25BB4 /* WHHTTPRequest.h */; };
		59045C811A1008CC00B25BB4 /* WHHTTPRequest.m in Sources */ = {isa = PBXBuildFile; fileRef = 59045C751A1008CC00B25BB4 /* WHHTTPRequest.m */; };
		59045C821A1008CC00B25BB4 /* WHHTTPRequest+HTML.h in Headers */ = {isa = PBXBuildFile; fileRef = 59045C761A1008CC00B25BB4 /* WHHTTPRequest+HTML.h */; };
		59045C831A1008CC00B25BB4 /* WHHTTPRequest+HTML.m in Sources */ = {isa = PBXBuildFile; fileRef = 59045C771A1008CC00B25BB4 /* WHHTTPRequest+HTML.m */; };
		59045C841A1008CC00B25BB4 /* WHHTTPRequest+Internal.h in Headers */ = {isa = PBXBuildFile; fileRef = 59045C781A1008CC00B25BB4 /* WHHTTPRequest+Internal.h */; settings = {ATTRIBUTES = (Private, ); }; };
		59045C851A1008CC00B25BB4 /* WHObject.h in Headers */ = {isa = PBXBuildFile; fileRef = 59045C791A1008CC00B25BB4 /* WHObject.h */; };
		59045C861A1008CC00B25BB4 /* WHWebsite.h in Headers */ = {isa = PBXBuildFile; fileRef = 59045C7A1A1008CC00B25BB4 /* WHWebsite.h */; };
		59045C871A1008CC00B25BB4 /* WHWebsite.m in Sources */ = {isa = PBXBuildFile; fileRef = 59045C7B1A1008CC00B25BB4 /* WHWebsite.m */; };
		59C8982E1A10045F009C997D /* WebHere.h in Headers */ = {isa = PBXBuildFile; fileRef = 59C8982D1A10045F009C997D /* WebHere.h */; settings = {ATTRIBUTES = (Public, ); }; };
		59C898361A100460009C997D /* libWebHere.dylib in Frameworks */ = {isa = PBXBuildFile; fileRef = 59C8982A1A10045F009C997D /* libWebHere.dylib */; };
		B300A1A878756B5868134B22 /* libPods-WebHere.a in Frameworks */ = {isa = PBXBuildFile; fileRef = 54C1E6CDD3C6C890F482B6C9 /* libPods-WebHere.a */; };
/* End PBXBuildFile section */

/* Begin PBXContainerItemProxy section */
		59C898371A100460009C997D /* PBXContainerItemProxy */ = {
			isa = PBXContainerItemProxy;
			containerPortal = 59C898221A10045F009C997D /* Project object */;
			proxyType = 1;
			remoteGlobalIDString = 59C898291A10045F009C997D;
			remoteInfo = WebHere;
		};
/* End PBXContainerItemProxy section */

/* Begin PBXFileReference section */
		54C1E6CDD3C6C890F482B6C9 /* libPods-WebHere.a */ = {isa = PBXFileReference; explicitFileType = archive.ar; includeInIndex = 0; path = "libPods-WebHere.a"; sourceTree = BUILT_PRODUCTS_DIR; };
		59045C501A1008B500B25BB4 /* EXPMatchers+containAll.h */ = {isa = PBXFileReference; fileEncoding = 4; lastKnownFileType = sourcecode.c.h; path = "EXPMatchers+containAll.h"; sourceTree = "<group>"; };
		59045C511A1008B500B25BB4 /* EXPMatchers+containAll.m */ = {isa = PBXFileReference; fileEncoding = 4; lastKnownFileType = sourcecode.c.objc; path = "EXPMatchers+containAll.m"; sourceTree = "<group>"; };
		59045C531A1008B500B25BB4 /* WHLoginForm.h */ = {isa = PBXFileReference; fileEncoding = 4; lastKnownFileType = sourcecode.c.h; path = WHLoginForm.h; sourceTree = "<group>"; };
		59045C541A1008B500B25BB4 /* WHLoginForm.m */ = {isa = PBXFileReference; fileEncoding = 4; lastKnownFileType = sourcecode.c.objc; path = WHLoginForm.m; sourceTree = "<group>"; };
		59045C551A1008B500B25BB4 /* WHNSObject.h */ = {isa = PBXFileReference; fileEncoding = 4; lastKnownFileType = sourcecode.c.h; path = WHNSObject.h; sourceTree = "<group>"; };
		59045C561A1008B500B25BB4 /* WHNSObject.m */ = {isa = PBXFileReference; fileEncoding = 4; lastKnownFileType = sourcecode.c.objc; path = WHNSObject.m; sourceTree = "<group>"; };
		59045C571A1008B500B25BB4 /* WHPerson+HTML.h */ = {isa = PBXFileReference; fileEncoding = 4; lastKnownFileType = sourcecode.c.h; path = "WHPerson+HTML.h"; sourceTree = "<group>"; };
		59045C581A1008B500B25BB4 /* WHPerson+HTML.m */ = {isa = PBXFileReference; fileEncoding = 4; lastKnownFileType = sourcecode.c.objc; path = "WHPerson+HTML.m"; sourceTree = "<group>"; };
		59045C591A1008B500B25BB4 /* WHPerson.h */ = {isa = PBXFileReference; fileEncoding = 4; lastKnownFileType = sourcecode.c.h; path = WHPerson.h; sourceTree = "<group>"; };
		59045C5A1A1008B500B25BB4 /* WHPerson.m */ = {isa = PBXFileReference; fileEncoding = 4; lastKnownFileType = sourcecode.c.objc; path = WHPerson.m; sourceTree = "<group>"; };
		59045C5B1A1008B500B25BB4 /* WHPersonQueryForm.h */ = {isa = PBXFileReference; fileEncoding = 4; lastKnownFileType = sourcecode.c.h; path = WHPersonQueryForm.h; sourceTree = "<group>"; };
		59045C5C1A1008B500B25BB4 /* WHPersonQueryForm.m */ = {isa = PBXFileReference; fileEncoding = 4; lastKnownFileType = sourcecode.c.objc; path = WHPersonQueryForm.m; sourceTree = "<group>"; };
		59045C5D1A1008B500B25BB4 /* NSObject_RuntimeSpec.m */ = {isa = PBXFileReference; fileEncoding = 4; lastKnownFileType = sourcecode.c.objc; path = NSObject_RuntimeSpec.m; sourceTree = "<group>"; };
		59045C5E1A1008B500B25BB4 /* WebHereTests.h */ = {isa = PBXFileReference; fileEncoding = 4; lastKnownFileType = sourcecode.c.h; path = WebHereTests.h; sourceTree = "<group>"; };
		59045C5F1A1008B500B25BB4 /* WHForm_HTMLSpec.m */ = {isa = PBXFileReference; fileEncoding = 4; lastKnownFileType = sourcecode.c.objc; path = WHForm_HTMLSpec.m; sourceTree = "<group>"; };
		59045C601A1008B500B25BB4 /* WHHTTPRequestSpec.m */ = {isa = PBXFileReference; fileEncoding = 4; lastKnownFileType = sourcecode.c.objc; path = WHHTTPRequestSpec.m; sourceTree = "<group>"; };
		59045C611A1008B500B25BB4 /* WHLink_HTMLSpec.m */ = {isa = PBXFileReference; fileEncoding = 4; lastKnownFileType = sourcecode.c.objc; path = WHLink_HTMLSpec.m; sourceTree = "<group>"; };
		59045C621A1008B500B25BB4 /* WHObjectSpec.m */ = {isa = PBXFileReference; fileEncoding = 4; lastKnownFileType = sourcecode.c.objc; path = WHObjectSpec.m; sourceTree = "<group>"; };
		59045C631A1008B500B25BB4 /* WHWebsiteSpec.m */ = {isa = PBXFileReference; fileEncoding = 4; lastKnownFileType = sourcecode.c.objc; path = WHWebsiteSpec.m; sourceTree = "<group>"; };
		59045C701A1008CC00B25BB4 /* NSObject+Runtime.h */ = {isa = PBXFileReference; fileEncoding = 4; lastKnownFileType = sourcecode.c.h; path = "NSObject+Runtime.h"; sourceTree = "<group>"; };
		59045C711A1008CC00B25BB4 /* NSObject+Runtime.m */ = {isa = PBXFileReference; fileEncoding = 4; lastKnownFileType = sourcecode.c.objc; path = "NSObject+Runtime.m"; sourceTree = "<group>"; };
		59045C721A1008CC00B25BB4 /* WHHTMLResponseSerializer.h */ = {isa = PBXFileReference; fileEncoding = 4; lastKnownFileType = sourcecode.c.h; path = WHHTMLResponseSerializer.h; sourceTree = "<group>"; };
		59045C731A1008CC00B25BB4 /* WHHTMLResponseSerializer.m */ = {isa = PBXFileReference; fileEncoding = 4; lastKnownFileType = sourcecode.c.objc; path = WHHTMLResponseSerializer.m; sourceTree = "<group>"; };
		59045C741A1008CC00B25BB4 /* WHHTTPRequest.h */ = {isa = PBXFileReference; fileEncoding = 4; lastKnownFileType = sourcecode.c.h; path = WHHTTPRequest.h; sourceTree = "<group>"; };
		59045C751A1008CC00B25BB4 /* WHHTTPRequest.m */ = {isa = PBXFileReference; fileEncoding = 4; lastKnownFileType = sourcecode.c.objc; path = WHHTTPRequest.m; sourceTree = "<group>"; };
		59045C761A1008CC00B25BB4 /* WHHTTPRequest+HTML.h */ = {isa = PBXFileReference; fileEncoding = 4; lastKnownFileType = sourcecode.c.h; path = "WHHTTPRequest+HTML.h"; sourceTree = "<group>"; };
		59045C771A1008CC00B25BB4 /* WHHTTPRequest+HTML.m */ = {isa = PBXFileReference; fileEncoding = 4; lastKnownFileType = sourcecode.c.objc; path = "WHHTTPRequest+HTML.m"; sourceTree = "<group>"; };
		59045C781A1008CC00B25BB4 /* WHHTTPRequest+Internal.h */ = {isa = PBXFileReference; fileEncoding = 4; lastKnownFileType = sourcecode.c.h; path = "WHHTTPRequest+Internal.h"; sourceTree = "<group>"; };
		59045C791A1008CC00B25BB4 /* WHObject.h */ = {isa = PBXFileReference; fileEncoding = 4; lastKnownFileType = sourcecode.c.h; path = WHObject.h; sourceTree = "<group>"; };
		59045C7A1A1008CC00B25BB4 /* WHWebsite.h */ = {isa = PBXFileReference; fileEncoding = 4; lastKnownFileType = sourcecode.c.h; path = WHWebsite.h; sourceTree = "<group>"; };
		59045C7B1A1008CC00B25BB4 /* WHWebsite.m */ = {isa = PBXFileReference; fileEncoding = 4; lastKnownFileType = sourcecode.c.objc; path = WHWebsite.m; sourceTree = "<group>"; };
		59C8982A1A10045F009C997D /* libWebHere.dylib */ = {isa = PBXFileReference; explicitFileType = "compiled.mach-o.dylib"; includeInIndex = 0; path = libWebHere.dylib; sourceTree = BUILT_PRODUCTS_DIR; };
		59C8982D1A10045F009C997D /* WebHere.h */ = {isa = PBXFileReference; lastKnownFileType = sourcecode.c.h; path = WebHere.h; sourceTree = "<group>"; };
		59C898351A100460009C997D /* WebHereTests.xctest */ = {isa = PBXFileReference; explicitFileType = wrapper.cfbundle; includeInIndex = 0; path = WebHereTests.xctest; sourceTree = BUILT_PRODUCTS_DIR; };
		59C8983B1A100460009C997D /* Info.plist */ = {isa = PBXFileReference; lastKnownFileType = text.plist.xml; path = Info.plist; sourceTree = "<group>"; };
		7CF49730DF91FD685A06074E /* Pods-WebHereTests.release.xcconfig */ = {isa = PBXFileReference; includeInIndex = 1; lastKnownFileType = text.xcconfig; name = "Pods-WebHereTests.release.xcconfig"; path = "Pods/Target Support Files/Pods-WebHereTests/Pods-WebHereTests.release.xcconfig"; sourceTree = "<group>"; };
		9096FBB87B49459DF5FD689F /* Pods-WebHereTests.debug.xcconfig */ = {isa = PBXFileReference; includeInIndex = 1; lastKnownFileType = text.xcconfig; name = "Pods-WebHereTests.debug.xcconfig"; path = "Pods/Target Support Files/Pods-WebHereTests/Pods-WebHereTests.debug.xcconfig"; sourceTree = "<group>"; };
		C016D2E443810DB5E516A121 /* libPods-WebHereTests.a */ = {isa = PBXFileReference; explicitFileType = archive.ar; includeInIndex = 0; path = "libPods-WebHereTests.a"; sourceTree = BUILT_PRODUCTS_DIR; };
		D0F633D7BA131FCC54493A5C /* Pods-WebHere.release.xcconfig */ = {isa = PBXFileReference; includeInIndex = 1; lastKnownFileType = text.xcconfig; name = "Pods-WebHere.release.xcconfig"; path = "Pods/Target Support Files/Pods-WebHere/Pods-WebHere.release.xcconfig"; sourceTree = "<group>"; };
		F208A17C508A5C70FC8D97DF /* Pods-WebHere.debug.xcconfig */ = {isa = PBXFileReference; includeInIndex = 1; lastKnownFileType = text.xcconfig; name = "Pods-WebHere.debug.xcconfig"; path = "Pods/Target Support Files/Pods-WebHere/Pods-WebHere.debug.xcconfig"; sourceTree = "<group>"; };
/* End PBXFileReference section */

/* Begin PBXFrameworksBuildPhase section */
		59C898271A10045F009C997D /* Frameworks */ = {
			isa = PBXFrameworksBuildPhase;
			buildActionMask = 2147483647;
			files = (
				B300A1A878756B5868134B22 /* libPods-WebHere.a in Frameworks */,
			);
			runOnlyForDeploymentPostprocessing = 0;
		};
		59C898321A100460009C997D /* Frameworks */ = {
			isa = PBXFrameworksBuildPhase;
			buildActionMask = 2147483647;
			files = (
				59C898361A100460009C997D /* libWebHere.dylib in Frameworks */,
				56C67DB42B975B7023E0AFFE /* libPods-WebHereTests.a in Frameworks */,
			);
			runOnlyForDeploymentPostprocessing = 0;
		};
/* End PBXFrameworksBuildPhase section */

/* Begin PBXGroup section */
		59045C4F1A1008B500B25BB4 /* Expecta */ = {
			isa = PBXGroup;
			children = (
				59045C501A1008B500B25BB4 /* EXPMatchers+containAll.h */,
				59045C511A1008B500B25BB4 /* EXPMatchers+containAll.m */,
			);
			path = Expecta;
			sourceTree = "<group>";
		};
		59045C521A1008B500B25BB4 /* Fixtures */ = {
			isa = PBXGroup;
			children = (
				59045C531A1008B500B25BB4 /* WHLoginForm.h */,
				59045C541A1008B500B25BB4 /* WHLoginForm.m */,
				59045C551A1008B500B25BB4 /* WHNSObject.h */,
				59045C561A1008B500B25BB4 /* WHNSObject.m */,
				59045C571A1008B500B25BB4 /* WHPerson+HTML.h */,
				59045C581A1008B500B25BB4 /* WHPerson+HTML.m */,
				59045C591A1008B500B25BB4 /* WHPerson.h */,
				59045C5A1A1008B500B25BB4 /* WHPerson.m */,
				59045C5B1A1008B500B25BB4 /* WHPersonQueryForm.h */,
				59045C5C1A1008B500B25BB4 /* WHPersonQueryForm.m */,
			);
			path = Fixtures;
			sourceTree = "<group>";
		};
		59894B451A100AC000FC2D41 /* Additions */ = {
			isa = PBXGroup;
			children = (
				59045C701A1008CC00B25BB4 /* NSObject+Runtime.h */,
				59045C711A1008CC00B25BB4 /* NSObject+Runtime.m */,
				59045C761A1008CC00B25BB4 /* WHHTTPRequest+HTML.h */,
				59045C771A1008CC00B25BB4 /* WHHTTPRequest+HTML.m */,
			);
			name = Additions;
			sourceTree = "<group>";
		};
		59894B461A100AE900FC2D41 /* Network */ = {
			isa = PBXGroup;
			children = (
				59045C721A1008CC00B25BB4 /* WHHTMLResponseSerializer.h */,
				59045C731A1008CC00B25BB4 /* WHHTMLResponseSerializer.m */,
				59045C781A1008CC00B25BB4 /* WHHTTPRequest+Internal.h */,
			);
			name = Network;
			sourceTree = "<group>";
		};
		59894B471A100B0700FC2D41 /* Requests */ = {
			isa = PBXGroup;
			children = (
				59045C741A1008CC00B25BB4 /* WHHTTPRequest.h */,
				59045C751A1008CC00B25BB4 /* WHHTTPRequest.m */,
				59045C791A1008CC00B25BB4 /* WHObject.h */,
				59045C7A1A1008CC00B25BB4 /* WHWebsite.h */,
				59045C7B1A1008CC00B25BB4 /* WHWebsite.m */,
			);
			name = Requests;
			sourceTree = "<group>";
		};
		59C898211A10045F009C997D = {
			isa = PBXGroup;
			children = (
				59C8982C1A10045F009C997D /* WebHere */,
				59C898391A100460009C997D /* WebHereTests */,
				59C8982B1A10045F009C997D /* Products */,
				FB0917DAFE2873FBB674E455 /* Pods */,
				BEADD4F9DADC705EAB3DDE4C /* Frameworks */,
			);
			sourceTree = "<group>";
		};
		59C8982B1A10045F009C997D /* Products */ = {
			isa = PBXGroup;
			children = (
				59C8982A1A10045F009C997D /* libWebHere.dylib */,
				59C898351A100460009C997D /* WebHereTests.xctest */,
			);
			name = Products;
			sourceTree = "<group>";
		};
		59C8982C1A10045F009C997D /* WebHere */ = {
			isa = PBXGroup;
			children = (
				59C8982D1A10045F009C997D /* WebHere.h */,
				59894B471A100B0700FC2D41 /* Requests */,
				59894B461A100AE900FC2D41 /* Network */,
				59894B451A100AC000FC2D41 /* Additions */,
			);
			path = WebHere;
			sourceTree = "<group>";
		};
		59C898391A100460009C997D /* WebHereTests */ = {
			isa = PBXGroup;
			children = (
				59045C5E1A1008B500B25BB4 /* WebHereTests.h */,
				59045C5D1A1008B500B25BB4 /* NSObject_RuntimeSpec.m */,
				59045C5F1A1008B500B25BB4 /* WHForm_HTMLSpec.m */,
				59045C601A1008B500B25BB4 /* WHHTTPRequestSpec.m */,
				59045C611A1008B500B25BB4 /* WHLink_HTMLSpec.m */,
				59045C621A1008B500B25BB4 /* WHObjectSpec.m */,
				59045C631A1008B500B25BB4 /* WHWebsiteSpec.m */,
				59045C4F1A1008B500B25BB4 /* Expecta */,
				59045C521A1008B500B25BB4 /* Fixtures */,
				59C8983A1A100460009C997D /* Supporting Files */,
			);
			path = WebHereTests;
			sourceTree = "<group>";
		};
		59C8983A1A100460009C997D /* Supporting Files */ = {
			isa = PBXGroup;
			children = (
				59C8983B1A100460009C997D /* Info.plist */,
			);
			name = "Supporting Files";
			sourceTree = "<group>";
		};
		BEADD4F9DADC705EAB3DDE4C /* Frameworks */ = {
			isa = PBXGroup;
			children = (
				54C1E6CDD3C6C890F482B6C9 /* libPods-WebHere.a */,
				C016D2E443810DB5E516A121 /* libPods-WebHereTests.a */,
			);
			name = Frameworks;
			sourceTree = "<group>";
		};
		FB0917DAFE2873FBB674E455 /* Pods */ = {
			isa = PBXGroup;
			children = (
				F208A17C508A5C70FC8D97DF /* Pods-WebHere.debug.xcconfig */,
				D0F633D7BA131FCC54493A5C /* Pods-WebHere.release.xcconfig */,
				9096FBB87B49459DF5FD689F /* Pods-WebHereTests.debug.xcconfig */,
				7CF49730DF91FD685A06074E /* Pods-WebHereTests.release.xcconfig */,
			);
			name = Pods;
			sourceTree = "<group>";
		};
/* End PBXGroup section */

/* Begin PBXHeadersBuildPhase section */
		59C898281A10045F009C997D /* Headers */ = {
			isa = PBXHeadersBuildPhase;
			buildActionMask = 2147483647;
			files = (
				59C8982E1A10045F009C997D /* WebHere.h in Headers */,
				59045C841A1008CC00B25BB4 /* WHHTTPRequest+Internal.h in Headers */,
				59045C801A1008CC00B25BB4 /* WHHTTPRequest.h in Headers */,
				59045C861A1008CC00B25BB4 /* WHWebsite.h in Headers */,
				59045C851A1008CC00B25BB4 /* WHObject.h in Headers */,
				59045C7E1A1008CC00B25BB4 /* WHHTMLResponseSerializer.h in Headers */,
				59045C821A1008CC00B25BB4 /* WHHTTPRequest+HTML.h in Headers */,
				59045C7C1A1008CC00B25BB4 /* NSObject+Runtime.h in Headers */,
			);
			runOnlyForDeploymentPostprocessing = 0;
		};
/* End PBXHeadersBuildPhase section */

/* Begin PBXNativeTarget section */
		59C898291A10045F009C997D /* WebHere */ = {
			isa = PBXNativeTarget;
			buildConfigurationList = 59C8983E1A100460009C997D /* Build configuration list for PBXNativeTarget "WebHere" */;
			buildPhases = (
				107FEB5FAE1DA563FA87B9E0 /* Check Pods Manifest.lock */,
				59C898261A10045F009C997D /* Sources */,
				59C898271A10045F009C997D /* Frameworks */,
				59C898281A10045F009C997D /* Headers */,
				99A2074B2F418F5F0ACFC9CE /* Copy Pods Resources */,
			);
			buildRules = (
			);
			dependencies = (
			);
			name = WebHere;
			productName = WebHere;
			productReference = 59C8982A1A10045F009C997D /* libWebHere.dylib */;
			productType = "com.apple.product-type.library.dynamic";
		};
		59C898341A100460009C997D /* WebHereTests */ = {
			isa = PBXNativeTarget;
			buildConfigurationList = 59C898411A100460009C997D /* Build configuration list for PBXNativeTarget "WebHereTests" */;
			buildPhases = (
				6294ECBCCC6E6843D41DAA03 /* Check Pods Manifest.lock */,
				59C898311A100460009C997D /* Sources */,
				59C898321A100460009C997D /* Frameworks */,
				59C898331A100460009C997D /* Resources */,
				BF25DC5E719DADABF6701609 /* Copy Pods Resources */,
			);
			buildRules = (
			);
			dependencies = (
				59C898381A100460009C997D /* PBXTargetDependency */,
			);
			name = WebHereTests;
			productName = WebHereTests;
			productReference = 59C898351A100460009C997D /* WebHereTests.xctest */;
			productType = "com.apple.product-type.bundle.unit-test";
		};
/* End PBXNativeTarget section */

/* Begin PBXProject section */
		59C898221A10045F009C997D /* Project object */ = {
			isa = PBXProject;
			attributes = {
				LastUpgradeCheck = 0610;
				ORGANIZATIONNAME = "Rui Lopes";
				TargetAttributes = {
					59C898291A10045F009C997D = {
						CreatedOnToolsVersion = 6.1;
					};
					59C898341A100460009C997D = {
						CreatedOnToolsVersion = 6.1;
					};
				};
			};
			buildConfigurationList = 59C898251A10045F009C997D /* Build configuration list for PBXProject "WebHere" */;
			compatibilityVersion = "Xcode 3.2";
			developmentRegion = English;
			hasScannedForEncodings = 0;
			knownRegions = (
				en,
			);
			mainGroup = 59C898211A10045F009C997D;
			productRefGroup = 59C8982B1A10045F009C997D /* Products */;
			projectDirPath = "";
			projectRoot = "";
			targets = (
				59C898291A10045F009C997D /* WebHere */,
				59C898341A100460009C997D /* WebHereTests */,
			);
		};
/* End PBXProject section */

/* Begin PBXResourcesBuildPhase section */
		59C898331A100460009C997D /* Resources */ = {
			isa = PBXResourcesBuildPhase;
			buildActionMask = 2147483647;
			files = (
			);
			runOnlyForDeploymentPostprocessing = 0;
		};
/* End PBXResourcesBuildPhase section */

/* Begin PBXShellScriptBuildPhase section */
		107FEB5FAE1DA563FA87B9E0 /* Check Pods Manifest.lock */ = {
			isa = PBXShellScriptBuildPhase;
			buildActionMask = 2147483647;
			files = (
			);
			inputPaths = (
			);
			name = "Check Pods Manifest.lock";
			outputPaths = (
			);
			runOnlyForDeploymentPostprocessing = 0;
			shellPath = /bin/sh;
			shellScript = "diff \"${PODS_ROOT}/../Podfile.lock\" \"${PODS_ROOT}/Manifest.lock\" > /dev/null\nif [[ $? != 0 ]] ; then\n    cat << EOM\nerror: The sandbox is not in sync with the Podfile.lock. Run 'pod install' or update your CocoaPods installation.\nEOM\n    exit 1\nfi\n";
			showEnvVarsInLog = 0;
		};
		6294ECBCCC6E6843D41DAA03 /* Check Pods Manifest.lock */ = {
			isa = PBXShellScriptBuildPhase;
			buildActionMask = 2147483647;
			files = (
			);
			inputPaths = (
			);
			name = "Check Pods Manifest.lock";
			outputPaths = (
			);
			runOnlyForDeploymentPostprocessing = 0;
			shellPath = /bin/sh;
			shellScript = "diff \"${PODS_ROOT}/../Podfile.lock\" \"${PODS_ROOT}/Manifest.lock\" > /dev/null\nif [[ $? != 0 ]] ; then\n    cat << EOM\nerror: The sandbox is not in sync with the Podfile.lock. Run 'pod install' or update your CocoaPods installation.\nEOM\n    exit 1\nfi\n";
			showEnvVarsInLog = 0;
		};
		99A2074B2F418F5F0ACFC9CE /* Copy Pods Resources */ = {
			isa = PBXShellScriptBuildPhase;
			buildActionMask = 2147483647;
			files = (
			);
			inputPaths = (
			);
			name = "Copy Pods Resources";
			outputPaths = (
			);
			runOnlyForDeploymentPostprocessing = 0;
			shellPath = /bin/sh;
			shellScript = "\"${SRCROOT}/Pods/Target Support Files/Pods-WebHere/Pods-WebHere-resources.sh\"\n";
			showEnvVarsInLog = 0;
		};
		BF25DC5E719DADABF6701609 /* Copy Pods Resources */ = {
			isa = PBXShellScriptBuildPhase;
			buildActionMask = 2147483647;
			files = (
			);
			inputPaths = (
			);
			name = "Copy Pods Resources";
			outputPaths = (
			);
			runOnlyForDeploymentPostprocessing = 0;
			shellPath = /bin/sh;
			shellScript = "\"${SRCROOT}/Pods/Target Support Files/Pods-WebHereTests/Pods-WebHereTests-resources.sh\"\n";
			showEnvVarsInLog = 0;
		};
/* End PBXShellScriptBuildPhase section */

/* Begin PBXSourcesBuildPhase section */
		59C898261A10045F009C997D /* Sources */ = {
			isa = PBXSourcesBuildPhase;
			buildActionMask = 2147483647;
			files = (
				59045C7F1A1008CC00B25BB4 /* WHHTMLResponseSerializer.m in Sources */,
				59045C811A1008CC00B25BB4 /* WHHTTPRequest.m in Sources */,
				59045C7D1A1008CC00B25BB4 /* NSObject+Runtime.m in Sources */,
				59045C871A1008CC00B25BB4 /* WHWebsite.m in Sources */,
				59045C831A1008CC00B25BB4 /* WHHTTPRequest+HTML.m in Sources */,
			);
			runOnlyForDeploymentPostprocessing = 0;
		};
		59C898311A100460009C997D /* Sources */ = {
			isa = PBXSourcesBuildPhase;
			buildActionMask = 2147483647;
			files = (
				59045C6E1A1008B500B25BB4 /* WHObjectSpec.m in Sources */,
				59045C6C1A1008B500B25BB4 /* WHHTTPRequestSpec.m in Sources */,
				59045C691A1008B500B25BB4 /* WHPersonQueryForm.m in Sources */,
				59045C6D1A1008B500B25BB4 /* WHLink_HTMLSpec.m in Sources */,
				59045C671A1008B500B25BB4 /* WHPerson+HTML.m in Sources */,
				59045C6A1A1008B500B25BB4 /* NSObject_RuntimeSpec.m in Sources */,
				59045C651A1008B500B25BB4 /* WHLoginForm.m in Sources */,
				59045C641A1008B500B25BB4 /* EXPMatchers+containAll.m in Sources */,
				59045C681A1008B500B25BB4 /* WHPerson.m in Sources */,
				59045C6B1A1008B500B25BB4 /* WHForm_HTMLSpec.m in Sources */,
				59045C661A1008B500B25BB4 /* WHNSObject.m in Sources */,
				59045C6F1A1008B500B25BB4 /* WHWebsiteSpec.m in Sources */,
			);
			runOnlyForDeploymentPostprocessing = 0;
		};
/* End PBXSourcesBuildPhase section */

/* Begin PBXTargetDependency section */
		59C898381A100460009C997D /* PBXTargetDependency */ = {
			isa = PBXTargetDependency;
			target = 59C898291A10045F009C997D /* WebHere */;
			targetProxy = 59C898371A100460009C997D /* PBXContainerItemProxy */;
		};
/* End PBXTargetDependency section */

/* Begin XCBuildConfiguration section */
		59C8983C1A100460009C997D /* Debug */ = {
			isa = XCBuildConfiguration;
			buildSettings = {
				ALWAYS_SEARCH_USER_PATHS = NO;
				CLANG_CXX_LANGUAGE_STANDARD = "gnu++0x";
				CLANG_CXX_LIBRARY = "libc++";
				CLANG_ENABLE_MODULES = YES;
				CLANG_ENABLE_OBJC_ARC = YES;
				CLANG_WARN_BOOL_CONVERSION = YES;
				CLANG_WARN_CONSTANT_CONVERSION = YES;
				CLANG_WARN_DIRECT_OBJC_ISA_USAGE = YES_ERROR;
				CLANG_WARN_EMPTY_BODY = YES;
				CLANG_WARN_ENUM_CONVERSION = YES;
				CLANG_WARN_INT_CONVERSION = YES;
				CLANG_WARN_OBJC_ROOT_CLASS = YES_ERROR;
				CLANG_WARN_UNREACHABLE_CODE = YES;
				CLANG_WARN__DUPLICATE_METHOD_MATCH = YES;
				COPY_PHASE_STRIP = NO;
				ENABLE_STRICT_OBJC_MSGSEND = YES;
				GCC_C_LANGUAGE_STANDARD = gnu99;
				GCC_DYNAMIC_NO_PIC = NO;
				GCC_OPTIMIZATION_LEVEL = 0;
				GCC_PREPROCESSOR_DEFINITIONS = (
					"DEBUG=1",
					"$(inherited)",
				);
				GCC_SYMBOLS_PRIVATE_EXTERN = NO;
				GCC_WARN_64_TO_32_BIT_CONVERSION = YES;
				GCC_WARN_ABOUT_RETURN_TYPE = YES_ERROR;
				GCC_WARN_UNDECLARED_SELECTOR = YES;
				GCC_WARN_UNINITIALIZED_AUTOS = YES_AGGRESSIVE;
				GCC_WARN_UNUSED_FUNCTION = YES;
				GCC_WARN_UNUSED_VARIABLE = YES;
				MACOSX_DEPLOYMENT_TARGET = 10.10;
				MTL_ENABLE_DEBUG_INFO = YES;
				ONLY_ACTIVE_ARCH = YES;
				SDKROOT = macosx;
			};
			name = Debug;
		};
		59C8983D1A100460009C997D /* Release */ = {
			isa = XCBuildConfiguration;
			buildSettings = {
				ALWAYS_SEARCH_USER_PATHS = NO;
				CLANG_CXX_LANGUAGE_STANDARD = "gnu++0x";
				CLANG_CXX_LIBRARY = "libc++";
				CLANG_ENABLE_MODULES = YES;
				CLANG_ENABLE_OBJC_ARC = YES;
				CLANG_WARN_BOOL_CONVERSION = YES;
				CLANG_WARN_CONSTANT_CONVERSION = YES;
				CLANG_WARN_DIRECT_OBJC_ISA_USAGE = YES_ERROR;
				CLANG_WARN_EMPTY_BODY = YES;
				CLANG_WARN_ENUM_CONVERSION = YES;
				CLANG_WARN_INT_CONVERSION = YES;
				CLANG_WARN_OBJC_ROOT_CLASS = YES_ERROR;
				CLANG_WARN_UNREACHABLE_CODE = YES;
				CLANG_WARN__DUPLICATE_METHOD_MATCH = YES;
				COPY_PHASE_STRIP = YES;
				DEBUG_INFORMATION_FORMAT = "dwarf-with-dsym";
				ENABLE_NS_ASSERTIONS = NO;
				ENABLE_STRICT_OBJC_MSGSEND = YES;
				GCC_C_LANGUAGE_STANDARD = gnu99;
				GCC_WARN_64_TO_32_BIT_CONVERSION = YES;
				GCC_WARN_ABOUT_RETURN_TYPE = YES_ERROR;
				GCC_WARN_UNDECLARED_SELECTOR = YES;
				GCC_WARN_UNINITIALIZED_AUTOS = YES_AGGRESSIVE;
				GCC_WARN_UNUSED_FUNCTION = YES;
				GCC_WARN_UNUSED_VARIABLE = YES;
				MACOSX_DEPLOYMENT_TARGET = 10.10;
				MTL_ENABLE_DEBUG_INFO = NO;
				SDKROOT = macosx;
			};
			name = Release;
		};
		59C8983F1A100460009C997D /* Debug */ = {
			isa = XCBuildConfiguration;
			baseConfigurationReference = F208A17C508A5C70FC8D97DF /* Pods-WebHere.debug.xcconfig */;
			buildSettings = {
				COMBINE_HIDPI_IMAGES = YES;
				DYLIB_COMPATIBILITY_VERSION = 1;
				DYLIB_CURRENT_VERSION = 1;
				EXECUTABLE_PREFIX = lib;
				PRODUCT_NAME = "$(TARGET_NAME)";
			};
			name = Debug;
		};
		59C898401A100460009C997D /* Release */ = {
			isa = XCBuildConfiguration;
			baseConfigurationReference = D0F633D7BA131FCC54493A5C /* Pods-WebHere.release.xcconfig */;
			buildSettings = {
				COMBINE_HIDPI_IMAGES = YES;
				DYLIB_COMPATIBILITY_VERSION = 1;
				DYLIB_CURRENT_VERSION = 1;
				EXECUTABLE_PREFIX = lib;
				PRODUCT_NAME = "$(TARGET_NAME)";
			};
			name = Release;
		};
		59C898421A100460009C997D /* Debug */ = {
			isa = XCBuildConfiguration;
			baseConfigurationReference = 9096FBB87B49459DF5FD689F /* Pods-WebHereTests.debug.xcconfig */;
			buildSettings = {
				COMBINE_HIDPI_IMAGES = YES;
				FRAMEWORK_SEARCH_PATHS = (
					"$(DEVELOPER_FRAMEWORKS_DIR)",
					"$(inherited)",
				);
				GCC_PREPROCESSOR_DEFINITIONS = (
					"DEBUG=1",
					"$(inherited)",
				);
				HEADER_SEARCH_PATHS = (
					"\"${PODS_ROOT}/Headers/Public\"",
					"\"${PODS_ROOT}/Headers/Public/AFNetworking\"",
					"\"${PODS_ROOT}/Headers/Public/Expecta\"",
					"\"${PODS_ROOT}/Headers/Public/GDataXML-HTML\"",
					"\"${PODS_ROOT}/Headers/Public/Nocilla\"",
					"\"${PODS_ROOT}/Headers/Public/Specta\"",
					"$(inherited)",
					"$(SDKROOT)/usr/include/libxml2",
				);
				INFOPLIST_FILE = WebHereTests/Info.plist;
				LD_RUNPATH_SEARCH_PATHS = "$(inherited) @executable_path/../Frameworks @loader_path/../Frameworks";
				OTHER_LDFLAGS = (
					"-ObjC",
					"-l\"Pods-WebHereTests-Expecta\"",
					"-l\"Pods-WebHereTests-Nocilla\"",
					"-l\"Pods-WebHereTests-Specta\"",
					"-framework",
					"\"CFNetwork\"",
					"-framework",
					"\"Foundation\"",
					"-framework",
					"\"XCTest\"",
					"$(inherited)",
					"-lxml2",
				);
				PRODUCT_NAME = "$(TARGET_NAME)";
			};
			name = Debug;
		};
		59C898431A100460009C997D /* Release */ = {
			isa = XCBuildConfiguration;
			baseConfigurationReference = 7CF49730DF91FD685A06074E /* Pods-WebHereTests.release.xcconfig */;
			buildSettings = {
				COMBINE_HIDPI_IMAGES = YES;
				FRAMEWORK_SEARCH_PATHS = (
					"$(DEVELOPER_FRAMEWORKS_DIR)",
					"$(inherited)",
				);
				HEADER_SEARCH_PATHS = (
					"\"${PODS_ROOT}/Headers/Public\"",
					"\"${PODS_ROOT}/Headers/Public/AFNetworking\"",
					"\"${PODS_ROOT}/Headers/Public/Expecta\"",
					"\"${PODS_ROOT}/Headers/Public/GDataXML-HTML\"",
					"\"${PODS_ROOT}/Headers/Public/Nocilla\"",
					"\"${PODS_ROOT}/Headers/Public/Specta\"",
					"$(inherited)",
					"$(SDKROOT)/usr/include/libxml2",
				);
				INFOPLIST_FILE = WebHereTests/Info.plist;
				LD_RUNPATH_SEARCH_PATHS = "$(inherited) @executable_path/../Frameworks @loader_path/../Frameworks";
				OTHER_LDFLAGS = (
					"-ObjC",
					"-l\"Pods-WebHereTests-Expecta\"",
					"-l\"Pods-WebHereTests-Nocilla\"",
					"-l\"Pods-WebHereTests-Specta\"",
					"-framework",
					"\"CFNetwork\"",
					"-framework",
					"\"Foundation\"",
					"-framework",
					"\"XCTest\"",
					"$(inherited)",
					"-lxml2",
				);
				PRODUCT_NAME = "$(TARGET_NAME)";
			};
			name = Release;
		};
/* End XCBuildConfiguration section */

/* Begin XCConfigurationList section */
		59C898251A10045F009C997D /* Build configuration list for PBXProject "WebHere" */ = {
			isa = XCConfigurationList;
			buildConfigurations = (
				59C8983C1A100460009C997D /* Debug */,
				59C8983D1A100460009C997D /* Release */,
			);
			defaultConfigurationIsVisible = 0;
			defaultConfigurationName = Release;
		};
		59C8983E1A100460009C997D /* Build configuration list for PBXNativeTarget "WebHere" */ = {
			isa = XCConfigurationList;
			buildConfigurations = (
				59C8983F1A100460009C997D /* Debug */,
				59C898401A100460009C997D /* Release */,
			);
			defaultConfigurationIsVisible = 0;
			defaultConfigurationName = Release;
		};
		59C898411A100460009C997D /* Build configuration list for PBXNativeTarget "WebHereTests" */ = {
			isa = XCConfigurationList;
			buildConfigurations = (
				59C898421A100460009C997D /* Debug */,
				59C898431A100460009C997D /* Release */,
			);
			defaultConfigurationIsVisible = 0;
			defaultConfigurationName = Release;
		};
/* End XCConfigurationList section */
	};
	rootObject = 59C898221A10045F009C997D /* Project object */;
}
