// !$*UTF8*$!
{
	archiveVersion = 1;
	classes = {
	};
	objectVersion = 46;
	objects = {

/* Begin PBXBuildFile section */
		B3038DCF1C504BC1007416CA /* main.m in Sources */ = {isa = PBXBuildFile; fileRef = B3038DCE1C504BC1007416CA /* main.m */; };
		B3038DD21C504BC1007416CA /* AppDelegate.m in Sources */ = {isa = PBXBuildFile; fileRef = B3038DD11C504BC1007416CA /* AppDelegate.m */; };
		B3038DD51C504BC1007416CA /* ViewController.m in Sources */ = {isa = PBXBuildFile; fileRef = B3038DD41C504BC1007416CA /* ViewController.m */; };
		B3038DD81C504BC1007416CA /* Main.storyboard in Resources */ = {isa = PBXBuildFile; fileRef = B3038DD61C504BC1007416CA /* Main.storyboard */; };
		B3038DDA1C504BC1007416CA /* Assets.xcassets in Resources */ = {isa = PBXBuildFile; fileRef = B3038DD91C504BC1007416CA /* Assets.xcassets */; };
		B3038DDD1C504BC1007416CA /* LaunchScreen.storyboard in Resources */ = {isa = PBXBuildFile; fileRef = B3038DDB1C504BC1007416CA /* LaunchScreen.storyboard */; };
		B3038E0A1C504C2B007416CA /* WHLoginForm.m in Sources */ = {isa = PBXBuildFile; fileRef = B3038DF71C504C2B007416CA /* WHLoginForm.m */; };
		B3038E0B1C504C2B007416CA /* WHNSObject.m in Sources */ = {isa = PBXBuildFile; fileRef = B3038DF91C504C2B007416CA /* WHNSObject.m */; };
		B3038E0C1C504C2B007416CA /* WHPerson+HTML.m in Sources */ = {isa = PBXBuildFile; fileRef = B3038DFB1C504C2B007416CA /* WHPerson+HTML.m */; };
		B3038E0D1C504C2B007416CA /* WHPerson.m in Sources */ = {isa = PBXBuildFile; fileRef = B3038DFD1C504C2B007416CA /* WHPerson.m */; };
		B3038E0E1C504C2B007416CA /* WHPersonQueryForm.m in Sources */ = {isa = PBXBuildFile; fileRef = B3038DFF1C504C2B007416CA /* WHPersonQueryForm.m */; };
		B3038E0F1C504C2B007416CA /* NSObject_RuntimeSpec.m in Sources */ = {isa = PBXBuildFile; fileRef = B3038E001C504C2B007416CA /* NSObject_RuntimeSpec.m */; };
		B3038E101C504C2B007416CA /* response.html in Resources */ = {isa = PBXBuildFile; fileRef = B3038E011C504C2B007416CA /* response.html */; };
		B3038E121C504C2B007416CA /* WHForm_HTMLSpec.m in Sources */ = {isa = PBXBuildFile; fileRef = B3038E041C504C2B007416CA /* WHForm_HTMLSpec.m */; };
		B3038E131C504C2B007416CA /* WHHTTPRequestSpec.m in Sources */ = {isa = PBXBuildFile; fileRef = B3038E051C504C2B007416CA /* WHHTTPRequestSpec.m */; };
		B3038E141C504C2B007416CA /* WHLink_HTMLSpec.m in Sources */ = {isa = PBXBuildFile; fileRef = B3038E061C504C2B007416CA /* WHLink_HTMLSpec.m */; };
		B3038E151C504C2B007416CA /* WHObjectSpec.m in Sources */ = {isa = PBXBuildFile; fileRef = B3038E071C504C2B007416CA /* WHObjectSpec.m */; };
		B3038E161C504C2B007416CA /* WHWebsiteSpec.m in Sources */ = {isa = PBXBuildFile; fileRef = B3038E081C504C2B007416CA /* WHWebsiteSpec.m */; };
		B3038E251C504C3E007416CA /* NSObject+Runtime.m in Sources */ = {isa = PBXBuildFile; fileRef = B3038E191C504C3E007416CA /* NSObject+Runtime.m */; };
		B3038E261C504C3E007416CA /* WHHTMLResponseSerializer.m in Sources */ = {isa = PBXBuildFile; fileRef = B3038E1C1C504C3E007416CA /* WHHTMLResponseSerializer.m */; };
		B3038E271C504C3E007416CA /* WHHTTPRequest+HTML.m in Sources */ = {isa = PBXBuildFile; fileRef = B3038E1E1C504C3E007416CA /* WHHTTPRequest+HTML.m */; };
		B3038E281C504C3E007416CA /* WHHTTPRequest.m in Sources */ = {isa = PBXBuildFile; fileRef = B3038E211C504C3E007416CA /* WHHTTPRequest.m */; };
		B3038E291C504C3E007416CA /* WHWebsite.m in Sources */ = {isa = PBXBuildFile; fileRef = B3038E241C504C3E007416CA /* WHWebsite.m */; };
		B3B5EBB61C5056820003E655 /* WHSearchRequest.m in Sources */ = {isa = PBXBuildFile; fileRef = B3B5EBB11C5056820003E655 /* WHSearchRequest.m */; };
		B3B5EBB71C5056820003E655 /* WHSearchResponse.m in Sources */ = {isa = PBXBuildFile; fileRef = B3B5EBB31C5056820003E655 /* WHSearchResponse.m */; };
		B3B5EBB81C5056820003E655 /* WHSearchResult.m in Sources */ = {isa = PBXBuildFile; fileRef = B3B5EBB51C5056820003E655 /* WHSearchResult.m */; };
		CD3391074C3CF8C87F0812F6 /* libPods-WebHere.a in Frameworks */ = {isa = PBXBuildFile; fileRef = BE55145123ECDAE1313DF91E /* libPods-WebHere.a */; };
		D20EE28E8A3A64889D4ED99F /* libPods-WebHereTests.a in Frameworks */ = {isa = PBXBuildFile; fileRef = F16365AA7AC134AF038EABDF /* libPods-WebHereTests.a */; };
/* End PBXBuildFile section */

/* Begin PBXContainerItemProxy section */
		B3038DE41C504BC1007416CA /* PBXContainerItemProxy */ = {
			isa = PBXContainerItemProxy;
			containerPortal = B3038DC21C504BC1007416CA /* Project object */;
			proxyType = 1;
			remoteGlobalIDString = B3038DC91C504BC1007416CA;
			remoteInfo = WebHere;
		};
/* End PBXContainerItemProxy section */

/* Begin PBXFileReference section */
		B3038DCA1C504BC1007416CA /* WebHere.app */ = {isa = PBXFileReference; explicitFileType = wrapper.application; includeInIndex = 0; path = WebHere.app; sourceTree = BUILT_PRODUCTS_DIR; };
		B3038DCE1C504BC1007416CA /* main.m */ = {isa = PBXFileReference; lastKnownFileType = sourcecode.c.objc; path = main.m; sourceTree = "<group>"; };
		B3038DD01C504BC1007416CA /* AppDelegate.h */ = {isa = PBXFileReference; lastKnownFileType = sourcecode.c.h; path = AppDelegate.h; sourceTree = "<group>"; };
		B3038DD11C504BC1007416CA /* AppDelegate.m */ = {isa = PBXFileReference; lastKnownFileType = sourcecode.c.objc; path = AppDelegate.m; sourceTree = "<group>"; };
		B3038DD31C504BC1007416CA /* ViewController.h */ = {isa = PBXFileReference; lastKnownFileType = sourcecode.c.h; path = ViewController.h; sourceTree = "<group>"; };
		B3038DD41C504BC1007416CA /* ViewController.m */ = {isa = PBXFileReference; lastKnownFileType = sourcecode.c.objc; path = ViewController.m; sourceTree = "<group>"; };
		B3038DD71C504BC1007416CA /* Base */ = {isa = PBXFileReference; lastKnownFileType = file.storyboard; name = Base; path = Base.lproj/Main.storyboard; sourceTree = "<group>"; };
		B3038DD91C504BC1007416CA /* Assets.xcassets */ = {isa = PBXFileReference; lastKnownFileType = folder.assetcatalog; path = Assets.xcassets; sourceTree = "<group>"; };
		B3038DDC1C504BC1007416CA /* Base */ = {isa = PBXFileReference; lastKnownFileType = file.storyboard; name = Base; path = Base.lproj/LaunchScreen.storyboard; sourceTree = "<group>"; };
		B3038DDE1C504BC1007416CA /* Info.plist */ = {isa = PBXFileReference; lastKnownFileType = text.plist.xml; path = Info.plist; sourceTree = "<group>"; };
		B3038DE31C504BC1007416CA /* WebHereTests.xctest */ = {isa = PBXFileReference; explicitFileType = wrapper.cfbundle; includeInIndex = 0; path = WebHereTests.xctest; sourceTree = BUILT_PRODUCTS_DIR; };
		B3038DE91C504BC1007416CA /* Info.plist */ = {isa = PBXFileReference; lastKnownFileType = text.plist.xml; path = Info.plist; sourceTree = "<group>"; };
		B3038DF61C504C2B007416CA /* WHLoginForm.h */ = {isa = PBXFileReference; fileEncoding = 4; lastKnownFileType = sourcecode.c.h; path = WHLoginForm.h; sourceTree = "<group>"; };
		B3038DF71C504C2B007416CA /* WHLoginForm.m */ = {isa = PBXFileReference; fileEncoding = 4; lastKnownFileType = sourcecode.c.objc; path = WHLoginForm.m; sourceTree = "<group>"; };
		B3038DF81C504C2B007416CA /* WHNSObject.h */ = {isa = PBXFileReference; fileEncoding = 4; lastKnownFileType = sourcecode.c.h; path = WHNSObject.h; sourceTree = "<group>"; };
		B3038DF91C504C2B007416CA /* WHNSObject.m */ = {isa = PBXFileReference; fileEncoding = 4; lastKnownFileType = sourcecode.c.objc; path = WHNSObject.m; sourceTree = "<group>"; };
		B3038DFA1C504C2B007416CA /* WHPerson+HTML.h */ = {isa = PBXFileReference; fileEncoding = 4; lastKnownFileType = sourcecode.c.h; path = "WHPerson+HTML.h"; sourceTree = "<group>"; };
		B3038DFB1C504C2B007416CA /* WHPerson+HTML.m */ = {isa = PBXFileReference; fileEncoding = 4; lastKnownFileType = sourcecode.c.objc; path = "WHPerson+HTML.m"; sourceTree = "<group>"; };
		B3038DFC1C504C2B007416CA /* WHPerson.h */ = {isa = PBXFileReference; fileEncoding = 4; lastKnownFileType = sourcecode.c.h; path = WHPerson.h; sourceTree = "<group>"; };
		B3038DFD1C504C2B007416CA /* WHPerson.m */ = {isa = PBXFileReference; fileEncoding = 4; lastKnownFileType = sourcecode.c.objc; path = WHPerson.m; sourceTree = "<group>"; };
		B3038DFE1C504C2B007416CA /* WHPersonQueryForm.h */ = {isa = PBXFileReference; fileEncoding = 4; lastKnownFileType = sourcecode.c.h; path = WHPersonQueryForm.h; sourceTree = "<group>"; };
		B3038DFF1C504C2B007416CA /* WHPersonQueryForm.m */ = {isa = PBXFileReference; fileEncoding = 4; lastKnownFileType = sourcecode.c.objc; path = WHPersonQueryForm.m; sourceTree = "<group>"; };
		B3038E001C504C2B007416CA /* NSObject_RuntimeSpec.m */ = {isa = PBXFileReference; fileEncoding = 4; lastKnownFileType = sourcecode.c.objc; path = NSObject_RuntimeSpec.m; sourceTree = "<group>"; };
		B3038E011C504C2B007416CA /* response.html */ = {isa = PBXFileReference; fileEncoding = 4; lastKnownFileType = text.html; path = response.html; sourceTree = "<group>"; };
		B3038E041C504C2B007416CA /* WHForm_HTMLSpec.m */ = {isa = PBXFileReference; fileEncoding = 4; lastKnownFileType = sourcecode.c.objc; path = WHForm_HTMLSpec.m; sourceTree = "<group>"; };
		B3038E051C504C2B007416CA /* WHHTTPRequestSpec.m */ = {isa = PBXFileReference; fileEncoding = 4; lastKnownFileType = sourcecode.c.objc; path = WHHTTPRequestSpec.m; sourceTree = "<group>"; };
		B3038E061C504C2B007416CA /* WHLink_HTMLSpec.m */ = {isa = PBXFileReference; fileEncoding = 4; lastKnownFileType = sourcecode.c.objc; path = WHLink_HTMLSpec.m; sourceTree = "<group>"; };
		B3038E071C504C2B007416CA /* WHObjectSpec.m */ = {isa = PBXFileReference; fileEncoding = 4; lastKnownFileType = sourcecode.c.objc; path = WHObjectSpec.m; sourceTree = "<group>"; };
		B3038E081C504C2B007416CA /* WHWebsiteSpec.m */ = {isa = PBXFileReference; fileEncoding = 4; lastKnownFileType = sourcecode.c.objc; path = WHWebsiteSpec.m; sourceTree = "<group>"; };
		B3038E181C504C3E007416CA /* NSObject+Runtime.h */ = {isa = PBXFileReference; fileEncoding = 4; lastKnownFileType = sourcecode.c.h; path = "NSObject+Runtime.h"; sourceTree = "<group>"; };
		B3038E191C504C3E007416CA /* NSObject+Runtime.m */ = {isa = PBXFileReference; fileEncoding = 4; lastKnownFileType = sourcecode.c.objc; path = "NSObject+Runtime.m"; sourceTree = "<group>"; };
		B3038E1A1C504C3E007416CA /* WebHere.h */ = {isa = PBXFileReference; fileEncoding = 4; lastKnownFileType = sourcecode.c.h; path = WebHere.h; sourceTree = "<group>"; };
		B3038E1B1C504C3E007416CA /* WHHTMLResponseSerializer.h */ = {isa = PBXFileReference; fileEncoding = 4; lastKnownFileType = sourcecode.c.h; path = WHHTMLResponseSerializer.h; sourceTree = "<group>"; };
		B3038E1C1C504C3E007416CA /* WHHTMLResponseSerializer.m */ = {isa = PBXFileReference; fileEncoding = 4; lastKnownFileType = sourcecode.c.objc; path = WHHTMLResponseSerializer.m; sourceTree = "<group>"; };
		B3038E1D1C504C3E007416CA /* WHHTTPRequest+HTML.h */ = {isa = PBXFileReference; fileEncoding = 4; lastKnownFileType = sourcecode.c.h; path = "WHHTTPRequest+HTML.h"; sourceTree = "<group>"; };
		B3038E1E1C504C3E007416CA /* WHHTTPRequest+HTML.m */ = {isa = PBXFileReference; fileEncoding = 4; lastKnownFileType = sourcecode.c.objc; path = "WHHTTPRequest+HTML.m"; sourceTree = "<group>"; };
		B3038E1F1C504C3E007416CA /* WHHTTPRequest+Internal.h */ = {isa = PBXFileReference; fileEncoding = 4; lastKnownFileType = sourcecode.c.h; path = "WHHTTPRequest+Internal.h"; sourceTree = "<group>"; };
		B3038E201C504C3E007416CA /* WHHTTPRequest.h */ = {isa = PBXFileReference; fileEncoding = 4; lastKnownFileType = sourcecode.c.h; path = WHHTTPRequest.h; sourceTree = "<group>"; };
		B3038E211C504C3E007416CA /* WHHTTPRequest.m */ = {isa = PBXFileReference; fileEncoding = 4; lastKnownFileType = sourcecode.c.objc; path = WHHTTPRequest.m; sourceTree = "<group>"; };
		B3038E221C504C3E007416CA /* WHObject.h */ = {isa = PBXFileReference; fileEncoding = 4; lastKnownFileType = sourcecode.c.h; path = WHObject.h; sourceTree = "<group>"; };
		B3038E231C504C3E007416CA /* WHWebsite.h */ = {isa = PBXFileReference; fileEncoding = 4; lastKnownFileType = sourcecode.c.h; path = WHWebsite.h; sourceTree = "<group>"; };
		B3038E241C504C3E007416CA /* WHWebsite.m */ = {isa = PBXFileReference; fileEncoding = 4; lastKnownFileType = sourcecode.c.objc; path = WHWebsite.m; sourceTree = "<group>"; };
		B3038E2A1C504E6A007416CA /* WebHereTests.h */ = {isa = PBXFileReference; fileEncoding = 4; lastKnownFileType = sourcecode.c.h; path = WebHereTests.h; sourceTree = "<group>"; };
		B3B5EBB01C5056820003E655 /* WHSearchRequest.h */ = {isa = PBXFileReference; fileEncoding = 4; lastKnownFileType = sourcecode.c.h; path = WHSearchRequest.h; sourceTree = "<group>"; };
		B3B5EBB11C5056820003E655 /* WHSearchRequest.m */ = {isa = PBXFileReference; fileEncoding = 4; lastKnownFileType = sourcecode.c.objc; path = WHSearchRequest.m; sourceTree = "<group>"; };
		B3B5EBB21C5056820003E655 /* WHSearchResponse.h */ = {isa = PBXFileReference; fileEncoding = 4; lastKnownFileType = sourcecode.c.h; path = WHSearchResponse.h; sourceTree = "<group>"; };
		B3B5EBB31C5056820003E655 /* WHSearchResponse.m */ = {isa = PBXFileReference; fileEncoding = 4; lastKnownFileType = sourcecode.c.objc; path = WHSearchResponse.m; sourceTree = "<group>"; };
		B3B5EBB41C5056820003E655 /* WHSearchResult.h */ = {isa = PBXFileReference; fileEncoding = 4; lastKnownFileType = sourcecode.c.h; path = WHSearchResult.h; sourceTree = "<group>"; };
		B3B5EBB51C5056820003E655 /* WHSearchResult.m */ = {isa = PBXFileReference; fileEncoding = 4; lastKnownFileType = sourcecode.c.objc; path = WHSearchResult.m; sourceTree = "<group>"; };
		BE55145123ECDAE1313DF91E /* libPods-WebHere.a */ = {isa = PBXFileReference; explicitFileType = archive.ar; includeInIndex = 0; path = "libPods-WebHere.a"; sourceTree = BUILT_PRODUCTS_DIR; };
		CF1E5A32057B89B82B264050 /* Pods-WebHereTests.debug.xcconfig */ = {isa = PBXFileReference; includeInIndex = 1; lastKnownFileType = text.xcconfig; name = "Pods-WebHereTests.debug.xcconfig"; path = "Pods/Target Support Files/Pods-WebHereTests/Pods-WebHereTests.debug.xcconfig"; sourceTree = "<group>"; };
		CFBC741838C00F9186CF2094 /* Pods-WebHere.release.xcconfig */ = {isa = PBXFileReference; includeInIndex = 1; lastKnownFileType = text.xcconfig; name = "Pods-WebHere.release.xcconfig"; path = "Pods/Target Support Files/Pods-WebHere/Pods-WebHere.release.xcconfig"; sourceTree = "<group>"; };
		E1A078CBC6196D4D67BD004A /* Pods-WebHere.debug.xcconfig */ = {isa = PBXFileReference; includeInIndex = 1; lastKnownFileType = text.xcconfig; name = "Pods-WebHere.debug.xcconfig"; path = "Pods/Target Support Files/Pods-WebHere/Pods-WebHere.debug.xcconfig"; sourceTree = "<group>"; };
		E95F1A1E3A6487B145178762 /* Pods-WebHereTests.release.xcconfig */ = {isa = PBXFileReference; includeInIndex = 1; lastKnownFileType = text.xcconfig; name = "Pods-WebHereTests.release.xcconfig"; path = "Pods/Target Support Files/Pods-WebHereTests/Pods-WebHereTests.release.xcconfig"; sourceTree = "<group>"; };
		F16365AA7AC134AF038EABDF /* libPods-WebHereTests.a */ = {isa = PBXFileReference; explicitFileType = archive.ar; includeInIndex = 0; path = "libPods-WebHereTests.a"; sourceTree = BUILT_PRODUCTS_DIR; };
/* End PBXFileReference section */

/* Begin PBXFrameworksBuildPhase section */
		B3038DC71C504BC1007416CA /* Frameworks */ = {
			isa = PBXFrameworksBuildPhase;
			buildActionMask = 2147483647;
			files = (
				CD3391074C3CF8C87F0812F6 /* libPods-WebHere.a in Frameworks */,
			);
			runOnlyForDeploymentPostprocessing = 0;
		};
		B3038DE01C504BC1007416CA /* Frameworks */ = {
			isa = PBXFrameworksBuildPhase;
			buildActionMask = 2147483647;
			files = (
				D20EE28E8A3A64889D4ED99F /* libPods-WebHereTests.a in Frameworks */,
			);
			runOnlyForDeploymentPostprocessing = 0;
		};
/* End PBXFrameworksBuildPhase section */

/* Begin PBXGroup section */
		1757688E4760CB71C8632C37 /* Frameworks */ = {
			isa = PBXGroup;
			children = (
				BE55145123ECDAE1313DF91E /* libPods-WebHere.a */,
				F16365AA7AC134AF038EABDF /* libPods-WebHereTests.a */,
			);
			name = Frameworks;
			sourceTree = "<group>";
		};
		A76F7D466E819E10AE7B389A /* Pods */ = {
			isa = PBXGroup;
			children = (
				E1A078CBC6196D4D67BD004A /* Pods-WebHere.debug.xcconfig */,
				CFBC741838C00F9186CF2094 /* Pods-WebHere.release.xcconfig */,
				CF1E5A32057B89B82B264050 /* Pods-WebHereTests.debug.xcconfig */,
				E95F1A1E3A6487B145178762 /* Pods-WebHereTests.release.xcconfig */,
			);
			name = Pods;
			sourceTree = "<group>";
		};
		B3038DC11C504BC1007416CA = {
			isa = PBXGroup;
			children = (
				B3038E171C504C3E007416CA /* Source */,
				B3038DCC1C504BC1007416CA /* WebHere */,
				B3038DE61C504BC1007416CA /* WebHereTests */,
				B3038DCB1C504BC1007416CA /* Products */,
				A76F7D466E819E10AE7B389A /* Pods */,
				1757688E4760CB71C8632C37 /* Frameworks */,
			);
			sourceTree = "<group>";
		};
		B3038DCB1C504BC1007416CA /* Products */ = {
			isa = PBXGroup;
			children = (
				B3038DCA1C504BC1007416CA /* WebHere.app */,
				B3038DE31C504BC1007416CA /* WebHereTests.xctest */,
			);
			name = Products;
			sourceTree = "<group>";
		};
		B3038DCC1C504BC1007416CA /* WebHere */ = {
			isa = PBXGroup;
			children = (
				B3B5EBB01C5056820003E655 /* WHSearchRequest.h */,
				B3B5EBB11C5056820003E655 /* WHSearchRequest.m */,
				B3B5EBB21C5056820003E655 /* WHSearchResponse.h */,
				B3B5EBB31C5056820003E655 /* WHSearchResponse.m */,
				B3B5EBB41C5056820003E655 /* WHSearchResult.h */,
				B3B5EBB51C5056820003E655 /* WHSearchResult.m */,
				B3038DD01C504BC1007416CA /* AppDelegate.h */,
				B3038DD11C504BC1007416CA /* AppDelegate.m */,
				B3038DD31C504BC1007416CA /* ViewController.h */,
				B3038DD41C504BC1007416CA /* ViewController.m */,
				B3038DD61C504BC1007416CA /* Main.storyboard */,
				B3038DD91C504BC1007416CA /* Assets.xcassets */,
				B3038DDB1C504BC1007416CA /* LaunchScreen.storyboard */,
				B3038DDE1C504BC1007416CA /* Info.plist */,
				B3038DCD1C504BC1007416CA /* Supporting Files */,
			);
			path = WebHere;
			sourceTree = "<group>";
		};
		B3038DCD1C504BC1007416CA /* Supporting Files */ = {
			isa = PBXGroup;
			children = (
				B3038DCE1C504BC1007416CA /* main.m */,
			);
			name = "Supporting Files";
			sourceTree = "<group>";
		};
		B3038DE61C504BC1007416CA /* WebHereTests */ = {
			isa = PBXGroup;
			children = (
				B3038DF51C504C2B007416CA /* Fixtures */,
				B3038E001C504C2B007416CA /* NSObject_RuntimeSpec.m */,
				B3038E011C504C2B007416CA /* response.html */,
				B3038E041C504C2B007416CA /* WHForm_HTMLSpec.m */,
				B3038E051C504C2B007416CA /* WHHTTPRequestSpec.m */,
				B3038E061C504C2B007416CA /* WHLink_HTMLSpec.m */,
				B3038E071C504C2B007416CA /* WHObjectSpec.m */,
				B3038E081C504C2B007416CA /* WHWebsiteSpec.m */,
				B3038DE91C504BC1007416CA /* Info.plist */,
				B3038E2A1C504E6A007416CA /* WebHereTests.h */,
			);
			path = WebHereTests;
			sourceTree = "<group>";
		};
		B3038DF51C504C2B007416CA /* Fixtures */ = {
			isa = PBXGroup;
			children = (
				B3038DF61C504C2B007416CA /* WHLoginForm.h */,
				B3038DF71C504C2B007416CA /* WHLoginForm.m */,
				B3038DF81C504C2B007416CA /* WHNSObject.h */,
				B3038DF91C504C2B007416CA /* WHNSObject.m */,
				B3038DFA1C504C2B007416CA /* WHPerson+HTML.h */,
				B3038DFB1C504C2B007416CA /* WHPerson+HTML.m */,
				B3038DFC1C504C2B007416CA /* WHPerson.h */,
				B3038DFD1C504C2B007416CA /* WHPerson.m */,
				B3038DFE1C504C2B007416CA /* WHPersonQueryForm.h */,
				B3038DFF1C504C2B007416CA /* WHPersonQueryForm.m */,
			);
			path = Fixtures;
			sourceTree = "<group>";
		};
		B3038E171C504C3E007416CA /* Source */ = {
			isa = PBXGroup;
			children = (
				B3038E181C504C3E007416CA /* NSObject+Runtime.h */,
				B3038E191C504C3E007416CA /* NSObject+Runtime.m */,
				B3038E1A1C504C3E007416CA /* WebHere.h */,
				B3038E1B1C504C3E007416CA /* WHHTMLResponseSerializer.h */,
				B3038E1C1C504C3E007416CA /* WHHTMLResponseSerializer.m */,
				B3038E1D1C504C3E007416CA /* WHHTTPRequest+HTML.h */,
				B3038E1E1C504C3E007416CA /* WHHTTPRequest+HTML.m */,
				B3038E1F1C504C3E007416CA /* WHHTTPRequest+Internal.h */,
				B3038E201C504C3E007416CA /* WHHTTPRequest.h */,
				B3038E211C504C3E007416CA /* WHHTTPRequest.m */,
				B3038E221C504C3E007416CA /* WHObject.h */,
				B3038E231C504C3E007416CA /* WHWebsite.h */,
				B3038E241C504C3E007416CA /* WHWebsite.m */,
			);
			path = Source;
			sourceTree = "<group>";
		};
/* End PBXGroup section */

/* Begin PBXNativeTarget section */
		B3038DC91C504BC1007416CA /* WebHere */ = {
			isa = PBXNativeTarget;
			buildConfigurationList = B3038DEC1C504BC1007416CA /* Build configuration list for PBXNativeTarget "WebHere" */;
			buildPhases = (
				21F606C5C164662FC2293494 /* Check Pods Manifest.lock */,
				B3038DC61C504BC1007416CA /* Sources */,
				B3038DC71C504BC1007416CA /* Frameworks */,
				B3038DC81C504BC1007416CA /* Resources */,
				7E9FC58E5ADCE26560A49EDA /* Embed Pods Frameworks */,
				D2CFFE45E46F9894C4F5716A /* Copy Pods Resources */,
			);
			buildRules = (
			);
			dependencies = (
			);
			name = WebHere;
			productName = WebHere;
			productReference = B3038DCA1C504BC1007416CA /* WebHere.app */;
			productType = "com.apple.product-type.application";
		};
		B3038DE21C504BC1007416CA /* WebHereTests */ = {
			isa = PBXNativeTarget;
			buildConfigurationList = B3038DEF1C504BC1007416CA /* Build configuration list for PBXNativeTarget "WebHereTests" */;
			buildPhases = (
				38D05E4286FD46A34A962C83 /* Check Pods Manifest.lock */,
				B3038DDF1C504BC1007416CA /* Sources */,
				B3038DE01C504BC1007416CA /* Frameworks */,
				B3038DE11C504BC1007416CA /* Resources */,
				8DEB7793EE5DB29D725428ED /* Embed Pods Frameworks */,
				43E3D4F26CDE29B75EB3CCAE /* Copy Pods Resources */,
			);
			buildRules = (
			);
			dependencies = (
				B3038DE51C504BC1007416CA /* PBXTargetDependency */,
			);
			name = WebHereTests;
			productName = WebHereTests;
			productReference = B3038DE31C504BC1007416CA /* WebHereTests.xctest */;
			productType = "com.apple.product-type.bundle.unit-test";
		};
/* End PBXNativeTarget section */

/* Begin PBXProject section */
		B3038DC21C504BC1007416CA /* Project object */ = {
			isa = PBXProject;
			attributes = {
				LastUpgradeCheck = 0720;
				ORGANIZATIONNAME = "Rui Lopes";
				TargetAttributes = {
					B3038DC91C504BC1007416CA = {
						CreatedOnToolsVersion = 7.2;
					};
					B3038DE21C504BC1007416CA = {
						CreatedOnToolsVersion = 7.2;
						TestTargetID = B3038DC91C504BC1007416CA;
					};
				};
			};
			buildConfigurationList = B3038DC51C504BC1007416CA /* Build configuration list for PBXProject "WebHere" */;
			compatibilityVersion = "Xcode 3.2";
			developmentRegion = English;
			hasScannedForEncodings = 0;
			knownRegions = (
				en,
				Base,
			);
			mainGroup = B3038DC11C504BC1007416CA;
			productRefGroup = B3038DCB1C504BC1007416CA /* Products */;
			projectDirPath = "";
			projectRoot = "";
			targets = (
				B3038DC91C504BC1007416CA /* WebHere */,
				B3038DE21C504BC1007416CA /* WebHereTests */,
			);
		};
/* End PBXProject section */

/* Begin PBXResourcesBuildPhase section */
		B3038DC81C504BC1007416CA /* Resources */ = {
			isa = PBXResourcesBuildPhase;
			buildActionMask = 2147483647;
			files = (
				B3038DDD1C504BC1007416CA /* LaunchScreen.storyboard in Resources */,
				B3038DDA1C504BC1007416CA /* Assets.xcassets in Resources */,
				B3038DD81C504BC1007416CA /* Main.storyboard in Resources */,
			);
			runOnlyForDeploymentPostprocessing = 0;
		};
		B3038DE11C504BC1007416CA /* Resources */ = {
			isa = PBXResourcesBuildPhase;
			buildActionMask = 2147483647;
			files = (
				B3038E101C504C2B007416CA /* response.html in Resources */,
			);
			runOnlyForDeploymentPostprocessing = 0;
		};
/* End PBXResourcesBuildPhase section */

/* Begin PBXShellScriptBuildPhase section */
		21F606C5C164662FC2293494 /* Check Pods Manifest.lock */ = {
			isa = PBXShellScriptBuildPhase;
			buildActionMask = 2147483647;
			files = (
			);
			inputPaths = (
			);
			name = "Check Pods Manifest.lock";
			outputPaths = (
			);
			runOnlyForDeploymentPostprocessing = 0;
			shellPath = /bin/sh;
			shellScript = "diff \"${PODS_ROOT}/../Podfile.lock\" \"${PODS_ROOT}/Manifest.lock\" > /dev/null\nif [[ $? != 0 ]] ; then\n    cat << EOM\nerror: The sandbox is not in sync with the Podfile.lock. Run 'pod install' or update your CocoaPods installation.\nEOM\n    exit 1\nfi\n";
			showEnvVarsInLog = 0;
		};
		38D05E4286FD46A34A962C83 /* Check Pods Manifest.lock */ = {
			isa = PBXShellScriptBuildPhase;
			buildActionMask = 2147483647;
			files = (
			);
			inputPaths = (
			);
			name = "Check Pods Manifest.lock";
			outputPaths = (
			);
			runOnlyForDeploymentPostprocessing = 0;
			shellPath = /bin/sh;
			shellScript = "diff \"${PODS_ROOT}/../Podfile.lock\" \"${PODS_ROOT}/Manifest.lock\" > /dev/null\nif [[ $? != 0 ]] ; then\n    cat << EOM\nerror: The sandbox is not in sync with the Podfile.lock. Run 'pod install' or update your CocoaPods installation.\nEOM\n    exit 1\nfi\n";
			showEnvVarsInLog = 0;
		};
		43E3D4F26CDE29B75EB3CCAE /* Copy Pods Resources */ = {
			isa = PBXShellScriptBuildPhase;
			buildActionMask = 2147483647;
			files = (
			);
			inputPaths = (
			);
			name = "Copy Pods Resources";
			outputPaths = (
			);
			runOnlyForDeploymentPostprocessing = 0;
			shellPath = /bin/sh;
			shellScript = "\"${SRCROOT}/Pods/Target Support Files/Pods-WebHereTests/Pods-WebHereTests-resources.sh\"\n";
			showEnvVarsInLog = 0;
		};
		7E9FC58E5ADCE26560A49EDA /* Embed Pods Frameworks */ = {
			isa = PBXShellScriptBuildPhase;
			buildActionMask = 2147483647;
			files = (
			);
			inputPaths = (
			);
			name = "Embed Pods Frameworks";
			outputPaths = (
			);
			runOnlyForDeploymentPostprocessing = 0;
			shellPath = /bin/sh;
			shellScript = "\"${SRCROOT}/Pods/Target Support Files/Pods-WebHere/Pods-WebHere-frameworks.sh\"\n";
			showEnvVarsInLog = 0;
		};
		8DEB7793EE5DB29D725428ED /* Embed Pods Frameworks */ = {
			isa = PBXShellScriptBuildPhase;
			buildActionMask = 2147483647;
			files = (
			);
			inputPaths = (
			);
			name = "Embed Pods Frameworks";
			outputPaths = (
			);
			runOnlyForDeploymentPostprocessing = 0;
			shellPath = /bin/sh;
			shellScript = "\"${SRCROOT}/Pods/Target Support Files/Pods-WebHereTests/Pods-WebHereTests-frameworks.sh\"\n";
			showEnvVarsInLog = 0;
		};
		D2CFFE45E46F9894C4F5716A /* Copy Pods Resources */ = {
			isa = PBXShellScriptBuildPhase;
			buildActionMask = 2147483647;
			files = (
			);
			inputPaths = (
			);
			name = "Copy Pods Resources";
			outputPaths = (
			);
			runOnlyForDeploymentPostprocessing = 0;
			shellPath = /bin/sh;
			shellScript = "\"${SRCROOT}/Pods/Target Support Files/Pods-WebHere/Pods-WebHere-resources.sh\"\n";
			showEnvVarsInLog = 0;
		};
/* End PBXShellScriptBuildPhase section */

/* Begin PBXSourcesBuildPhase section */
		B3038DC61C504BC1007416CA /* Sources */ = {
			isa = PBXSourcesBuildPhase;
			buildActionMask = 2147483647;
			files = (
				B3038E291C504C3E007416CA /* WHWebsite.m in Sources */,
				B3038E261C504C3E007416CA /* WHHTMLResponseSerializer.m in Sources */,
				B3038E271C504C3E007416CA /* WHHTTPRequest+HTML.m in Sources */,
				B3B5EBB61C5056820003E655 /* WHSearchRequest.m in Sources */,
				B3038E251C504C3E007416CA /* NSObject+Runtime.m in Sources */,
				B3038E281C504C3E007416CA /* WHHTTPRequest.m in Sources */,
				B3038DD51C504BC1007416CA /* ViewController.m in Sources */,
				B3038DD21C504BC1007416CA /* AppDelegate.m in Sources */,
				B3B5EBB81C5056820003E655 /* WHSearchResult.m in Sources */,
				B3038DCF1C504BC1007416CA /* main.m in Sources */,
				B3B5EBB71C5056820003E655 /* WHSearchResponse.m in Sources */,
			);
			runOnlyForDeploymentPostprocessing = 0;
		};
		B3038DDF1C504BC1007416CA /* Sources */ = {
			isa = PBXSourcesBuildPhase;
			buildActionMask = 2147483647;
			files = (
				B3038E0C1C504C2B007416CA /* WHPerson+HTML.m in Sources */,
				B3038E0E1C504C2B007416CA /* WHPersonQueryForm.m in Sources */,
				B3038E121C504C2B007416CA /* WHForm_HTMLSpec.m in Sources */,
				B3038E141C504C2B007416CA /* WHLink_HTMLSpec.m in Sources */,
				B3038E0D1C504C2B007416CA /* WHPerson.m in Sources */,
				B3038E161C504C2B007416CA /* WHWebsiteSpec.m in Sources */,
				B3038E151C504C2B007416CA /* WHObjectSpec.m in Sources */,
				B3038E131C504C2B007416CA /* WHHTTPRequestSpec.m in Sources */,
				B3038E0B1C504C2B007416CA /* WHNSObject.m in Sources */,
				B3038E0A1C504C2B007416CA /* WHLoginForm.m in Sources */,
				B3038E0F1C504C2B007416CA /* NSObject_RuntimeSpec.m in Sources */,
			);
			runOnlyForDeploymentPostprocessing = 0;
		};
/* End PBXSourcesBuildPhase section */

/* Begin PBXTargetDependency section */
		B3038DE51C504BC1007416CA /* PBXTargetDependency */ = {
			isa = PBXTargetDependency;
			target = B3038DC91C504BC1007416CA /* WebHere */;
			targetProxy = B3038DE41C504BC1007416CA /* PBXContainerItemProxy */;
		};
/* End PBXTargetDependency section */

/* Begin PBXVariantGroup section */
		B3038DD61C504BC1007416CA /* Main.storyboard */ = {
			isa = PBXVariantGroup;
			children = (
				B3038DD71C504BC1007416CA /* Base */,
			);
			name = Main.storyboard;
			sourceTree = "<group>";
		};
		B3038DDB1C504BC1007416CA /* LaunchScreen.storyboard */ = {
			isa = PBXVariantGroup;
			children = (
				B3038DDC1C504BC1007416CA /* Base */,
			);
			name = LaunchScreen.storyboard;
			sourceTree = "<group>";
		};
/* End PBXVariantGroup section */

/* Begin XCBuildConfiguration section */
		B3038DEA1C504BC1007416CA /* Debug */ = {
			isa = XCBuildConfiguration;
			buildSettings = {
				ALWAYS_SEARCH_USER_PATHS = NO;
				CLANG_CXX_LANGUAGE_STANDARD = "gnu++0x";
				CLANG_CXX_LIBRARY = "libc++";
				CLANG_ENABLE_MODULES = YES;
				CLANG_ENABLE_OBJC_ARC = YES;
				CLANG_WARN_BOOL_CONVERSION = YES;
				CLANG_WARN_CONSTANT_CONVERSION = YES;
				CLANG_WARN_DIRECT_OBJC_ISA_USAGE = YES_ERROR;
				CLANG_WARN_EMPTY_BODY = YES;
				CLANG_WARN_ENUM_CONVERSION = YES;
				CLANG_WARN_INT_CONVERSION = YES;
				CLANG_WARN_OBJC_ROOT_CLASS = YES_ERROR;
				CLANG_WARN_UNREACHABLE_CODE = YES;
				CLANG_WARN__DUPLICATE_METHOD_MATCH = YES;
				"CODE_SIGN_IDENTITY[sdk=iphoneos*]" = "iPhone Developer";
				COPY_PHASE_STRIP = NO;
				DEBUG_INFORMATION_FORMAT = dwarf;
				ENABLE_STRICT_OBJC_MSGSEND = YES;
				ENABLE_TESTABILITY = YES;
				GCC_C_LANGUAGE_STANDARD = gnu99;
				GCC_DYNAMIC_NO_PIC = NO;
				GCC_NO_COMMON_BLOCKS = YES;
				GCC_OPTIMIZATION_LEVEL = 0;
				GCC_PREPROCESSOR_DEFINITIONS = (
					"DEBUG=1",
					"$(inherited)",
				);
				GCC_WARN_64_TO_32_BIT_CONVERSION = YES;
				GCC_WARN_ABOUT_RETURN_TYPE = YES_ERROR;
				GCC_WARN_UNDECLARED_SELECTOR = YES;
				GCC_WARN_UNINITIALIZED_AUTOS = YES_AGGRESSIVE;
				GCC_WARN_UNUSED_FUNCTION = YES;
				GCC_WARN_UNUSED_VARIABLE = YES;
				IPHONEOS_DEPLOYMENT_TARGET = 9.2;
				MTL_ENABLE_DEBUG_INFO = YES;
				ONLY_ACTIVE_ARCH = YES;
				SDKROOT = iphoneos;
			};
			name = Debug;
		};
		B3038DEB1C504BC1007416CA /* Release */ = {
			isa = XCBuildConfiguration;
			buildSettings = {
				ALWAYS_SEARCH_USER_PATHS = NO;
				CLANG_CXX_LANGUAGE_STANDARD = "gnu++0x";
				CLANG_CXX_LIBRARY = "libc++";
				CLANG_ENABLE_MODULES = YES;
				CLANG_ENABLE_OBJC_ARC = YES;
				CLANG_WARN_BOOL_CONVERSION = YES;
				CLANG_WARN_CONSTANT_CONVERSION = YES;
				CLANG_WARN_DIRECT_OBJC_ISA_USAGE = YES_ERROR;
				CLANG_WARN_EMPTY_BODY = YES;
				CLANG_WARN_ENUM_CONVERSION = YES;
				CLANG_WARN_INT_CONVERSION = YES;
				CLANG_WARN_OBJC_ROOT_CLASS = YES_ERROR;
				CLANG_WARN_UNREACHABLE_CODE = YES;
				CLANG_WARN__DUPLICATE_METHOD_MATCH = YES;
				"CODE_SIGN_IDENTITY[sdk=iphoneos*]" = "iPhone Developer";
				COPY_PHASE_STRIP = NO;
				DEBUG_INFORMATION_FORMAT = "dwarf-with-dsym";
				ENABLE_NS_ASSERTIONS = NO;
				ENABLE_STRICT_OBJC_MSGSEND = YES;
				GCC_C_LANGUAGE_STANDARD = gnu99;
				GCC_NO_COMMON_BLOCKS = YES;
				GCC_WARN_64_TO_32_BIT_CONVERSION = YES;
				GCC_WARN_ABOUT_RETURN_TYPE = YES_ERROR;
				GCC_WARN_UNDECLARED_SELECTOR = YES;
				GCC_WARN_UNINITIALIZED_AUTOS = YES_AGGRESSIVE;
				GCC_WARN_UNUSED_FUNCTION = YES;
				GCC_WARN_UNUSED_VARIABLE = YES;
				IPHONEOS_DEPLOYMENT_TARGET = 9.2;
				MTL_ENABLE_DEBUG_INFO = NO;
				SDKROOT = iphoneos;
				VALIDATE_PRODUCT = YES;
			};
			name = Release;
		};
		B3038DED1C504BC1007416CA /* Debug */ = {
			isa = XCBuildConfiguration;
			baseConfigurationReference = E1A078CBC6196D4D67BD004A /* Pods-WebHere.debug.xcconfig */;
			buildSettings = {
				ASSETCATALOG_COMPILER_APPICON_NAME = AppIcon;
				INFOPLIST_FILE = WebHere/Info.plist;
				LD_RUNPATH_SEARCH_PATHS = "$(inherited) @executable_path/Frameworks";
				PRODUCT_BUNDLE_IDENTIFIER = org.rdlopes.WebHere;
				PRODUCT_NAME = "$(TARGET_NAME)";
			};
			name = Debug;
		};
		B3038DEE1C504BC1007416CA /* Release */ = {
			isa = XCBuildConfiguration;
			baseConfigurationReference = CFBC741838C00F9186CF2094 /* Pods-WebHere.release.xcconfig */;
			buildSettings = {
				ASSETCATALOG_COMPILER_APPICON_NAME = AppIcon;
				INFOPLIST_FILE = WebHere/Info.plist;
				LD_RUNPATH_SEARCH_PATHS = "$(inherited) @executable_path/Frameworks";
				PRODUCT_BUNDLE_IDENTIFIER = org.rdlopes.WebHere;
				PRODUCT_NAME = "$(TARGET_NAME)";
			};
			name = Release;
		};
		B3038DF01C504BC1007416CA /* Debug */ = {
			isa = XCBuildConfiguration;
			baseConfigurationReference = CF1E5A32057B89B82B264050 /* Pods-WebHereTests.debug.xcconfig */;
			buildSettings = {
				BUNDLE_LOADER = "$(TEST_HOST)";
				HEADER_SEARCH_PATHS = (
					"$(inherited)",
					"\"${PODS_ROOT}/Headers/Public\"",
					"\"${PODS_ROOT}/Headers/Public/AFNetworking\"",
					"\"${PODS_ROOT}/Headers/Public/Expecta\"",
					"\"${PODS_ROOT}/Headers/Public/GDataXML-HTML\"",
					"\"${PODS_ROOT}/Headers/Public/Nocilla\"",
					"\"${PODS_ROOT}/Headers/Public/Specta\"",
					/usr/include/libxml2,
				);
				INFOPLIST_FILE = WebHereTests/Info.plist;
				LD_RUNPATH_SEARCH_PATHS = "$(inherited) @executable_path/Frameworks @loader_path/Frameworks";
				OTHER_LDFLAGS = (
					"$(inherited)",
					"-ObjC",
					"-l\"Expecta\"",
					"-l\"Nocilla\"",
					"-l\"Specta\"",
					"-framework",
					"\"CFNetwork\"",
					"-framework",
					"\"Foundation\"",
					"-framework",
					"\"XCTest\"",
					"-lxml2",
				);
				PRODUCT_BUNDLE_IDENTIFIER = org.rdlopes.WebHereTests;
				PRODUCT_NAME = "$(TARGET_NAME)";
				TEST_HOST = "$(BUILT_PRODUCTS_DIR)/WebHere.app/WebHere";
			};
			name = Debug;
		};
		B3038DF11C504BC1007416CA /* Release */ = {
			isa = XCBuildConfiguration;
			baseConfigurationReference = E95F1A1E3A6487B145178762 /* Pods-WebHereTests.release.xcconfig */;
			buildSettings = {
				BUNDLE_LOADER = "$(TEST_HOST)";
				HEADER_SEARCH_PATHS = (
					"$(inherited)",
					"\"${PODS_ROOT}/Headers/Public\"",
					"\"${PODS_ROOT}/Headers/Public/AFNetworking\"",
					"\"${PODS_ROOT}/Headers/Public/Expecta\"",
					"\"${PODS_ROOT}/Headers/Public/GDataXML-HTML\"",
					"\"${PODS_ROOT}/Headers/Public/Nocilla\"",
					"\"${PODS_ROOT}/Headers/Public/Specta\"",
					/usr/include/libxml2,
				);
				INFOPLIST_FILE = WebHereTests/Info.plist;
				LD_RUNPATH_SEARCH_PATHS = "$(inherited) @executable_path/Frameworks @loader_path/Frameworks";
				OTHER_LDFLAGS = (
					"$(inherited)",
					"-ObjC",
					"-l\"Expecta\"",
					"-l\"Nocilla\"",
					"-l\"Specta\"",
					"-framework",
					"\"CFNetwork\"",
					"-framework",
					"\"Foundation\"",
					"-framework",
					"\"XCTest\"",
					"-lxml2",
				);
				PRODUCT_BUNDLE_IDENTIFIER = org.rdlopes.WebHereTests;
				PRODUCT_NAME = "$(TARGET_NAME)";
				TEST_HOST = "$(BUILT_PRODUCTS_DIR)/WebHere.app/WebHere";
			};
			name = Release;
		};
/* End XCBuildConfiguration section */

/* Begin XCConfigurationList section */
		B3038DC51C504BC1007416CA /* Build configuration list for PBXProject "WebHere" */ = {
			isa = XCConfigurationList;
			buildConfigurations = (
				B3038DEA1C504BC1007416CA /* Debug */,
				B3038DEB1C504BC1007416CA /* Release */,
			);
			defaultConfigurationIsVisible = 0;
			defaultConfigurationName = Release;
		};
		B3038DEC1C504BC1007416CA /* Build configuration list for PBXNativeTarget "WebHere" */ = {
			isa = XCConfigurationList;
			buildConfigurations = (
				B3038DED1C504BC1007416CA /* Debug */,
				B3038DEE1C504BC1007416CA /* Release */,
			);
			defaultConfigurationIsVisible = 0;
			defaultConfigurationName = Release;
		};
		B3038DEF1C504BC1007416CA /* Build configuration list for PBXNativeTarget "WebHereTests" */ = {
			isa = XCConfigurationList;
			buildConfigurations = (
				B3038DF01C504BC1007416CA /* Debug */,
				B3038DF11C504BC1007416CA /* Release */,
			);
			defaultConfigurationIsVisible = 0;
			defaultConfigurationName = Release;
		};
/* End XCConfigurationList section */
	};
	rootObject = B3038DC21C504BC1007416CA /* Project object */;
}
