PODS:
  - Expecta (0.3.0)
  - Nocilla (0.8.1)
  - OCMock (2.2.4)

DEPENDENCIES:
  - Expecta
  - Nocilla
  - OCMock

SPEC CHECKSUMS:
  Expecta: ce8a51b9fad15a2cd573b291cb2909aaed865350
  Nocilla: e573c2bf9113c8d77782b695a2f9362b7bc44e72
  OCMock: 6db79185520e24f9f299548f2b8b07e41d881bd5

COCOAPODS: 0.33.1
