// !$*UTF8*$!
{
	archiveVersion = 1;
	classes = {
	};
	objectVersion = 46;
	objects = {

/* Begin PBXBuildFile section */
		598A0D1B18BE9A5800E32B69 /* Cocoa.framework in Frameworks */ = {isa = PBXBuildFile; fileRef = 598A0D1A18BE9A5800E32B69 /* Cocoa.framework */; };
		598A0D2518BE9A5800E32B69 /* InfoPlist.strings in Resources */ = {isa = PBXBuildFile; fileRef = 598A0D2318BE9A5800E32B69 /* InfoPlist.strings */; };
		598A0D3018BE9A5800E32B69 /* XCTest.framework in Frameworks */ = {isa = PBXBuildFile; fileRef = 598A0D2F18BE9A5800E32B69 /* XCTest.framework */; };
		598A0D3118BE9A5800E32B69 /* Cocoa.framework in Frameworks */ = {isa = PBXBuildFile; fileRef = 598A0D1A18BE9A5800E32B69 /* Cocoa.framework */; };
		598A0D3418BE9A5800E32B69 /* WebHere.framework in Frameworks */ = {isa = PBXBuildFile; fileRef = 598A0D1718BE9A5800E32B69 /* WebHere.framework */; };
		598A0D3A18BE9A5800E32B69 /* InfoPlist.strings in Resources */ = {isa = PBXBuildFile; fileRef = 598A0D3818BE9A5800E32B69 /* InfoPlist.strings */; };
		598A0D4A18BE9AF600E32B69 /* NSObject+GCD.h in Headers */ = {isa = PBXBuildFile; fileRef = 598A0D4518BE9AF600E32B69 /* NSObject+GCD.h */; };
		598A0D4B18BE9AF600E32B69 /* NSObject+GCD.m in Sources */ = {isa = PBXBuildFile; fileRef = 598A0D4618BE9AF600E32B69 /* NSObject+GCD.m */; };
		598A0D4C18BE9AF600E32B69 /* NSObject+Runtime.h in Headers */ = {isa = PBXBuildFile; fileRef = 598A0D4718BE9AF600E32B69 /* NSObject+Runtime.h */; };
		598A0D4D18BE9AF600E32B69 /* NSObject+Runtime.m in Sources */ = {isa = PBXBuildFile; fileRef = 598A0D4818BE9AF600E32B69 /* NSObject+Runtime.m */; };
		598A0D4E18BE9AF600E32B69 /* WebHere.h in Headers */ = {isa = PBXBuildFile; fileRef = 598A0D4918BE9AF600E32B69 /* WebHere.h */; };
		598A0D5518BE9B0C00E32B69 /* NSObject_GCD.m in Sources */ = {isa = PBXBuildFile; fileRef = 598A0D4F18BE9B0C00E32B69 /* NSObject_GCD.m */; };
		598A0D5618BE9B0C00E32B69 /* NSObject_RuntimeTest.m in Sources */ = {isa = PBXBuildFile; fileRef = 598A0D5018BE9B0C00E32B69 /* NSObject_RuntimeTest.m */; };
		598A0D5718BE9B0C00E32B69 /* WebHereTests.m in Sources */ = {isa = PBXBuildFile; fileRef = 598A0D5218BE9B0C00E32B69 /* WebHereTests.m */; };
		598A0D5818BE9B0C00E32B69 /* WHNSObject.m in Sources */ = {isa = PBXBuildFile; fileRef = 598A0D5418BE9B0C00E32B69 /* WHNSObject.m */; };
		883356FEF93E4DC1BD69ED11 /* libPods-WebHere.a in Frameworks */ = {isa = PBXBuildFile; fileRef = 0FB96F56AD2C419BA97730C9 /* libPods-WebHere.a */; };
		C359375506DF4715A7CBC44B /* libPods-WebHereTests.a in Frameworks */ = {isa = PBXBuildFile; fileRef = 6B5F7B103CCB4E2E8D2C9829 /* libPods-WebHereTests.a */; };
/* End PBXBuildFile section */

/* Begin PBXContainerItemProxy section */
		598A0D3218BE9A5800E32B69 /* PBXContainerItemProxy */ = {
			isa = PBXContainerItemProxy;
			containerPortal = 598A0D0E18BE9A5800E32B69 /* Project object */;
			proxyType = 1;
			remoteGlobalIDString = 598A0D1618BE9A5800E32B69;
			remoteInfo = WebHere;
		};
/* End PBXContainerItemProxy section */

/* Begin PBXFileReference section */
		0FB96F56AD2C419BA97730C9 /* libPods-WebHere.a */ = {isa = PBXFileReference; explicitFileType = archive.ar; includeInIndex = 0; path = "libPods-WebHere.a"; sourceTree = BUILT_PRODUCTS_DIR; };
		3C708E396D23429E98F7E0CB /* Pods-WebHere.xcconfig */ = {isa = PBXFileReference; includeInIndex = 1; lastKnownFileType = text.xcconfig; name = "Pods-WebHere.xcconfig"; path = "../../Pods/Pods-WebHere.xcconfig"; sourceTree = "<group>"; };
		598A0D1718BE9A5800E32B69 /* WebHere.framework */ = {isa = PBXFileReference; explicitFileType = wrapper.framework; includeInIndex = 0; path = WebHere.framework; sourceTree = BUILT_PRODUCTS_DIR; };
		598A0D1A18BE9A5800E32B69 /* Cocoa.framework */ = {isa = PBXFileReference; lastKnownFileType = wrapper.framework; name = Cocoa.framework; path = System/Library/Frameworks/Cocoa.framework; sourceTree = SDKROOT; };
		598A0D1D18BE9A5800E32B69 /* Foundation.framework */ = {isa = PBXFileReference; lastKnownFileType = wrapper.framework; name = Foundation.framework; path = System/Library/Frameworks/Foundation.framework; sourceTree = SDKROOT; };
		598A0D1E18BE9A5800E32B69 /* CoreData.framework */ = {isa = PBXFileReference; lastKnownFileType = wrapper.framework; name = CoreData.framework; path = System/Library/Frameworks/CoreData.framework; sourceTree = SDKROOT; };
		598A0D1F18BE9A5800E32B69 /* AppKit.framework */ = {isa = PBXFileReference; lastKnownFileType = wrapper.framework; name = AppKit.framework; path = System/Library/Frameworks/AppKit.framework; sourceTree = SDKROOT; };
		598A0D2218BE9A5800E32B69 /* WebHere-Info.plist */ = {isa = PBXFileReference; lastKnownFileType = text.plist.xml; path = "WebHere-Info.plist"; sourceTree = "<group>"; };
		598A0D2418BE9A5800E32B69 /* en */ = {isa = PBXFileReference; lastKnownFileType = text.plist.strings; name = en; path = en.lproj/InfoPlist.strings; sourceTree = "<group>"; };
		598A0D2618BE9A5800E32B69 /* WebHere-Prefix.pch */ = {isa = PBXFileReference; lastKnownFileType = sourcecode.c.h; path = "WebHere-Prefix.pch"; sourceTree = "<group>"; };
		598A0D2E18BE9A5800E32B69 /* WebHereTests.xctest */ = {isa = PBXFileReference; explicitFileType = wrapper.cfbundle; includeInIndex = 0; path = WebHereTests.xctest; sourceTree = BUILT_PRODUCTS_DIR; };
		598A0D2F18BE9A5800E32B69 /* XCTest.framework */ = {isa = PBXFileReference; lastKnownFileType = wrapper.framework; name = XCTest.framework; path = Library/Frameworks/XCTest.framework; sourceTree = DEVELOPER_DIR; };
		598A0D3718BE9A5800E32B69 /* WebHereTests-Info.plist */ = {isa = PBXFileReference; lastKnownFileType = text.plist.xml; path = "WebHereTests-Info.plist"; sourceTree = "<group>"; };
		598A0D3918BE9A5800E32B69 /* en */ = {isa = PBXFileReference; lastKnownFileType = text.plist.strings; name = en; path = en.lproj/InfoPlist.strings; sourceTree = "<group>"; };
		598A0D4518BE9AF600E32B69 /* NSObject+GCD.h */ = {isa = PBXFileReference; fileEncoding = 4; lastKnownFileType = sourcecode.c.h; name = "NSObject+GCD.h"; path = "../../../Classes/NSObject+GCD.h"; sourceTree = "<group>"; };
		598A0D4618BE9AF600E32B69 /* NSObject+GCD.m */ = {isa = PBXFileReference; fileEncoding = 4; lastKnownFileType = sourcecode.c.objc; name = "NSObject+GCD.m"; path = "../../../Classes/NSObject+GCD.m"; sourceTree = "<group>"; };
		598A0D4718BE9AF600E32B69 /* NSObject+Runtime.h */ = {isa = PBXFileReference; fileEncoding = 4; lastKnownFileType = sourcecode.c.h; name = "NSObject+Runtime.h"; path = "../../../Classes/NSObject+Runtime.h"; sourceTree = "<group>"; };
		598A0D4818BE9AF600E32B69 /* NSObject+Runtime.m */ = {isa = PBXFileReference; fileEncoding = 4; lastKnownFileType = sourcecode.c.objc; name = "NSObject+Runtime.m"; path = "../../../Classes/NSObject+Runtime.m"; sourceTree = "<group>"; };
		598A0D4918BE9AF600E32B69 /* WebHere.h */ = {isa = PBXFileReference; fileEncoding = 4; lastKnownFileType = sourcecode.c.h; name = WebHere.h; path = ../../../Classes/WebHere.h; sourceTree = "<group>"; };
		598A0D4F18BE9B0C00E32B69 /* NSObject_GCD.m */ = {isa = PBXFileReference; fileEncoding = 4; lastKnownFileType = sourcecode.c.objc; name = NSObject_GCD.m; path = ../../../Tests/NSObject_GCD.m; sourceTree = "<group>"; };
		598A0D5018BE9B0C00E32B69 /* NSObject_RuntimeTest.m */ = {isa = PBXFileReference; fileEncoding = 4; lastKnownFileType = sourcecode.c.objc; name = NSObject_RuntimeTest.m; path = ../../../Tests/NSObject_RuntimeTest.m; sourceTree = "<group>"; };
		598A0D5118BE9B0C00E32B69 /* WebHereTests.h */ = {isa = PBXFileReference; fileEncoding = 4; lastKnownFileType = sourcecode.c.h; name = WebHereTests.h; path = ../../../Tests/WebHereTests.h; sourceTree = "<group>"; };
		598A0D5218BE9B0C00E32B69 /* WebHereTests.m */ = {isa = PBXFileReference; fileEncoding = 4; lastKnownFileType = sourcecode.c.objc; name = WebHereTests.m; path = ../../../Tests/WebHereTests.m; sourceTree = "<group>"; };
		598A0D5318BE9B0C00E32B69 /* WHNSObject.h */ = {isa = PBXFileReference; fileEncoding = 4; lastKnownFileType = sourcecode.c.h; name = WHNSObject.h; path = ../../../Tests/WHNSObject.h; sourceTree = "<group>"; };
		598A0D5418BE9B0C00E32B69 /* WHNSObject.m */ = {isa = PBXFileReference; fileEncoding = 4; lastKnownFileType = sourcecode.c.objc; name = WHNSObject.m; path = ../../../Tests/WHNSObject.m; sourceTree = "<group>"; };
		598A0D5C18BE9B8100E32B69 /* WebHere.podspec */ = {isa = PBXFileReference; lastKnownFileType = text; name = WebHere.podspec; path = ../../../WebHere.podspec; sourceTree = "<group>"; };
		598A0D5D18BE9B9B00E32B69 /* CHANGELOG.md */ = {isa = PBXFileReference; lastKnownFileType = text; name = CHANGELOG.md; path = ../../../CHANGELOG.md; sourceTree = "<group>"; };
		598A0D5E18BE9B9B00E32B69 /* LICENSE */ = {isa = PBXFileReference; lastKnownFileType = text; name = LICENSE; path = ../../../LICENSE; sourceTree = "<group>"; };
		598A0D5F18BE9B9B00E32B69 /* Rakefile */ = {isa = PBXFileReference; lastKnownFileType = text; name = Rakefile; path = ../../../Rakefile; sourceTree = "<group>"; };
		598A0D6018BE9B9B00E32B69 /* README.md */ = {isa = PBXFileReference; lastKnownFileType = text; name = README.md; path = ../../../README.md; sourceTree = "<group>"; };
		6B5F7B103CCB4E2E8D2C9829 /* libPods-WebHereTests.a */ = {isa = PBXFileReference; explicitFileType = archive.ar; includeInIndex = 0; path = "libPods-WebHereTests.a"; sourceTree = BUILT_PRODUCTS_DIR; };
		D9138BBB03C54F6D8E727B4E /* Pods-WebHereTests.xcconfig */ = {isa = PBXFileReference; includeInIndex = 1; lastKnownFileType = text.xcconfig; name = "Pods-WebHereTests.xcconfig"; path = "../../Pods/Pods-WebHereTests.xcconfig"; sourceTree = "<group>"; };
/* End PBXFileReference section */

/* Begin PBXFrameworksBuildPhase section */
		598A0D1318BE9A5800E32B69 /* Frameworks */ = {
			isa = PBXFrameworksBuildPhase;
			buildActionMask = 2147483647;
			files = (
				598A0D1B18BE9A5800E32B69 /* Cocoa.framework in Frameworks */,
				883356FEF93E4DC1BD69ED11 /* libPods-WebHere.a in Frameworks */,
			);
			runOnlyForDeploymentPostprocessing = 0;
		};
		598A0D2B18BE9A5800E32B69 /* Frameworks */ = {
			isa = PBXFrameworksBuildPhase;
			buildActionMask = 2147483647;
			files = (
				598A0D3118BE9A5800E32B69 /* Cocoa.framework in Frameworks */,
				598A0D3418BE9A5800E32B69 /* WebHere.framework in Frameworks */,
				598A0D3018BE9A5800E32B69 /* XCTest.framework in Frameworks */,
				C359375506DF4715A7CBC44B /* libPods-WebHereTests.a in Frameworks */,
			);
			runOnlyForDeploymentPostprocessing = 0;
		};
/* End PBXFrameworksBuildPhase section */

/* Begin PBXGroup section */
		598A0D0D18BE9A5800E32B69 = {
			isa = PBXGroup;
			children = (
				598A0D2018BE9A5800E32B69 /* WebHere */,
				598A0D3518BE9A5800E32B69 /* WebHereTests */,
				598A0D1918BE9A5800E32B69 /* Frameworks */,
				598A0D1818BE9A5800E32B69 /* Products */,
			);
			sourceTree = "<group>";
		};
		598A0D1818BE9A5800E32B69 /* Products */ = {
			isa = PBXGroup;
			children = (
				598A0D1718BE9A5800E32B69 /* WebHere.framework */,
				598A0D2E18BE9A5800E32B69 /* WebHereTests.xctest */,
			);
			name = Products;
			sourceTree = "<group>";
		};
		598A0D1918BE9A5800E32B69 /* Frameworks */ = {
			isa = PBXGroup;
			children = (
				598A0D1A18BE9A5800E32B69 /* Cocoa.framework */,
				598A0D2F18BE9A5800E32B69 /* XCTest.framework */,
				598A0D1C18BE9A5800E32B69 /* Other Frameworks */,
				0FB96F56AD2C419BA97730C9 /* libPods-WebHere.a */,
				6B5F7B103CCB4E2E8D2C9829 /* libPods-WebHereTests.a */,
			);
			name = Frameworks;
			sourceTree = "<group>";
		};
		598A0D1C18BE9A5800E32B69 /* Other Frameworks */ = {
			isa = PBXGroup;
			children = (
				598A0D1D18BE9A5800E32B69 /* Foundation.framework */,
				598A0D1E18BE9A5800E32B69 /* CoreData.framework */,
				598A0D1F18BE9A5800E32B69 /* AppKit.framework */,
			);
			name = "Other Frameworks";
			sourceTree = "<group>";
		};
		598A0D2018BE9A5800E32B69 /* WebHere */ = {
			isa = PBXGroup;
			children = (
				598A0D4918BE9AF600E32B69 /* WebHere.h */,
				598A0D5918BE9B1800E32B69 /* Additions */,
				598A0D2118BE9A5800E32B69 /* Supporting Files */,
			);
			path = WebHere;
			sourceTree = "<group>";
		};
		598A0D2118BE9A5800E32B69 /* Supporting Files */ = {
			isa = PBXGroup;
			children = (
				598A0D6118BE9C2C00E32B69 /* Info */,
				598A0D6218BE9C4900E32B69 /* Pod */,
				598A0D2218BE9A5800E32B69 /* WebHere-Info.plist */,
				598A0D2318BE9A5800E32B69 /* InfoPlist.strings */,
				598A0D2618BE9A5800E32B69 /* WebHere-Prefix.pch */,
			);
			name = "Supporting Files";
			sourceTree = "<group>";
		};
		598A0D3518BE9A5800E32B69 /* WebHereTests */ = {
			isa = PBXGroup;
			children = (
				598A0D5118BE9B0C00E32B69 /* WebHereTests.h */,
				598A0D5218BE9B0C00E32B69 /* WebHereTests.m */,
				598A0D5B18BE9B3400E32B69 /* Additions */,
				598A0D5A18BE9B2A00E32B69 /* Fixtures */,
				598A0D3618BE9A5800E32B69 /* Supporting Files */,
			);
			path = WebHereTests;
			sourceTree = "<group>";
		};
		598A0D3618BE9A5800E32B69 /* Supporting Files */ = {
			isa = PBXGroup;
			children = (
				598A0D3718BE9A5800E32B69 /* WebHereTests-Info.plist */,
				598A0D3818BE9A5800E32B69 /* InfoPlist.strings */,
			);
			name = "Supporting Files";
			sourceTree = "<group>";
		};
		598A0D5918BE9B1800E32B69 /* Additions */ = {
			isa = PBXGroup;
			children = (
				598A0D4518BE9AF600E32B69 /* NSObject+GCD.h */,
				598A0D4618BE9AF600E32B69 /* NSObject+GCD.m */,
				598A0D4718BE9AF600E32B69 /* NSObject+Runtime.h */,
				598A0D4818BE9AF600E32B69 /* NSObject+Runtime.m */,
			);
			name = Additions;
			sourceTree = "<group>";
		};
		598A0D5A18BE9B2A00E32B69 /* Fixtures */ = {
			isa = PBXGroup;
			children = (
				598A0D5318BE9B0C00E32B69 /* WHNSObject.h */,
				598A0D5418BE9B0C00E32B69 /* WHNSObject.m */,
			);
			name = Fixtures;
			sourceTree = "<group>";
		};
		598A0D5B18BE9B3400E32B69 /* Additions */ = {
			isa = PBXGroup;
			children = (
				598A0D4F18BE9B0C00E32B69 /* NSObject_GCD.m */,
				598A0D5018BE9B0C00E32B69 /* NSObject_RuntimeTest.m */,
			);
			name = Additions;
			sourceTree = "<group>";
		};
		598A0D6118BE9C2C00E32B69 /* Info */ = {
			isa = PBXGroup;
			children = (
				598A0D5D18BE9B9B00E32B69 /* CHANGELOG.md */,
				598A0D5E18BE9B9B00E32B69 /* LICENSE */,
				598A0D6018BE9B9B00E32B69 /* README.md */,
			);
			name = Info;
			sourceTree = "<group>";
		};
		598A0D6218BE9C4900E32B69 /* Pod */ = {
			isa = PBXGroup;
			children = (
				598A0D5F18BE9B9B00E32B69 /* Rakefile */,
				598A0D5C18BE9B8100E32B69 /* WebHere.podspec */,
				3C708E396D23429E98F7E0CB /* Pods-WebHere.xcconfig */,
				D9138BBB03C54F6D8E727B4E /* Pods-WebHereTests.xcconfig */,
			);
			name = Pod;
			sourceTree = "<group>";
		};
/* End PBXGroup section */

/* Begin PBXHeadersBuildPhase section */
		598A0D1418BE9A5800E32B69 /* Headers */ = {
			isa = PBXHeadersBuildPhase;
			buildActionMask = 2147483647;
			files = (
				598A0D4E18BE9AF600E32B69 /* WebHere.h in Headers */,
				598A0D4A18BE9AF600E32B69 /* NSObject+GCD.h in Headers */,
				598A0D4C18BE9AF600E32B69 /* NSObject+Runtime.h in Headers */,
			);
			runOnlyForDeploymentPostprocessing = 0;
		};
/* End PBXHeadersBuildPhase section */

/* Begin PBXNativeTarget section */
		598A0D1618BE9A5800E32B69 /* WebHere */ = {
			isa = PBXNativeTarget;
			buildConfigurationList = 598A0D3F18BE9A5800E32B69 /* Build configuration list for PBXNativeTarget "WebHere" */;
			buildPhases = (
				A3C32D16916945AF872CD6B6 /* Check Pods Manifest.lock */,
				598A0D1218BE9A5800E32B69 /* Sources */,
				598A0D1318BE9A5800E32B69 /* Frameworks */,
				598A0D1418BE9A5800E32B69 /* Headers */,
				598A0D1518BE9A5800E32B69 /* Resources */,
				9E10F201C7E2437BBA6AAF10 /* Copy Pods Resources */,
			);
			buildRules = (
			);
			dependencies = (
			);
			name = WebHere;
			productName = WebHere;
			productReference = 598A0D1718BE9A5800E32B69 /* WebHere.framework */;
			productType = "com.apple.product-type.framework";
		};
		598A0D2D18BE9A5800E32B69 /* WebHereTests */ = {
			isa = PBXNativeTarget;
			buildConfigurationList = 598A0D4218BE9A5800E32B69 /* Build configuration list for PBXNativeTarget "WebHereTests" */;
			buildPhases = (
				73E17C5D91834DBEA9B33151 /* Check Pods Manifest.lock */,
				598A0D2A18BE9A5800E32B69 /* Sources */,
				598A0D2B18BE9A5800E32B69 /* Frameworks */,
				598A0D2C18BE9A5800E32B69 /* Resources */,
				30D6EFCFD0E5460AA106EFAE /* Copy Pods Resources */,
			);
			buildRules = (
			);
			dependencies = (
				598A0D3318BE9A5800E32B69 /* PBXTargetDependency */,
			);
			name = WebHereTests;
			productName = WebHereTests;
			productReference = 598A0D2E18BE9A5800E32B69 /* WebHereTests.xctest */;
			productType = "com.apple.product-type.bundle.unit-test";
		};
/* End PBXNativeTarget section */

/* Begin PBXProject section */
		598A0D0E18BE9A5800E32B69 /* Project object */ = {
			isa = PBXProject;
			attributes = {
				LastUpgradeCheck = 0500;
				ORGANIZATIONNAME = "Rui Lopes";
				TargetAttributes = {
					598A0D2D18BE9A5800E32B69 = {
						TestTargetID = 598A0D1618BE9A5800E32B69;
					};
				};
			};
			buildConfigurationList = 598A0D1118BE9A5800E32B69 /* Build configuration list for PBXProject "WebHere" */;
			compatibilityVersion = "Xcode 3.2";
			developmentRegion = English;
			hasScannedForEncodings = 0;
			knownRegions = (
				en,
			);
			mainGroup = 598A0D0D18BE9A5800E32B69;
			productRefGroup = 598A0D1818BE9A5800E32B69 /* Products */;
			projectDirPath = "";
			projectRoot = "";
			targets = (
				598A0D1618BE9A5800E32B69 /* WebHere */,
				598A0D2D18BE9A5800E32B69 /* WebHereTests */,
			);
		};
/* End PBXProject section */

/* Begin PBXResourcesBuildPhase section */
		598A0D1518BE9A5800E32B69 /* Resources */ = {
			isa = PBXResourcesBuildPhase;
			buildActionMask = 2147483647;
			files = (
				598A0D2518BE9A5800E32B69 /* InfoPlist.strings in Resources */,
			);
			runOnlyForDeploymentPostprocessing = 0;
		};
		598A0D2C18BE9A5800E32B69 /* Resources */ = {
			isa = PBXResourcesBuildPhase;
			buildActionMask = 2147483647;
			files = (
				598A0D3A18BE9A5800E32B69 /* InfoPlist.strings in Resources */,
			);
			runOnlyForDeploymentPostprocessing = 0;
		};
/* End PBXResourcesBuildPhase section */

/* Begin PBXShellScriptBuildPhase section */
		30D6EFCFD0E5460AA106EFAE /* Copy Pods Resources */ = {
			isa = PBXShellScriptBuildPhase;
			buildActionMask = 2147483647;
			files = (
			);
			inputPaths = (
			);
			name = "Copy Pods Resources";
			outputPaths = (
			);
			runOnlyForDeploymentPostprocessing = 0;
			shellPath = /bin/sh;
			shellScript = "\"${SRCROOT}/../Pods/Pods-WebHereTests-resources.sh\"\n";
			showEnvVarsInLog = 0;
		};
		73E17C5D91834DBEA9B33151 /* Check Pods Manifest.lock */ = {
			isa = PBXShellScriptBuildPhase;
			buildActionMask = 2147483647;
			files = (
			);
			inputPaths = (
			);
			name = "Check Pods Manifest.lock";
			outputPaths = (
			);
			runOnlyForDeploymentPostprocessing = 0;
			shellPath = /bin/sh;
			shellScript = "diff \"${PODS_ROOT}/../Podfile.lock\" \"${PODS_ROOT}/Manifest.lock\" > /dev/null\nif [[ $? != 0 ]] ; then\n    cat << EOM\nerror: The sandbox is not in sync with the Podfile.lock. Run 'pod install' or update your CocoaPods installation.\nEOM\n    exit 1\nfi\n";
			showEnvVarsInLog = 0;
		};
		9E10F201C7E2437BBA6AAF10 /* Copy Pods Resources */ = {
			isa = PBXShellScriptBuildPhase;
			buildActionMask = 2147483647;
			files = (
			);
			inputPaths = (
			);
			name = "Copy Pods Resources";
			outputPaths = (
			);
			runOnlyForDeploymentPostprocessing = 0;
			shellPath = /bin/sh;
			shellScript = "\"${SRCROOT}/../Pods/Pods-WebHere-resources.sh\"\n";
			showEnvVarsInLog = 0;
		};
		A3C32D16916945AF872CD6B6 /* Check Pods Manifest.lock */ = {
			isa = PBXShellScriptBuildPhase;
			buildActionMask = 2147483647;
			files = (
			);
			inputPaths = (
			);
			name = "Check Pods Manifest.lock";
			outputPaths = (
			);
			runOnlyForDeploymentPostprocessing = 0;
			shellPath = /bin/sh;
			shellScript = "diff \"${PODS_ROOT}/../Podfile.lock\" \"${PODS_ROOT}/Manifest.lock\" > /dev/null\nif [[ $? != 0 ]] ; then\n    cat << EOM\nerror: The sandbox is not in sync with the Podfile.lock. Run 'pod install' or update your CocoaPods installation.\nEOM\n    exit 1\nfi\n";
			showEnvVarsInLog = 0;
		};
/* End PBXShellScriptBuildPhase section */

/* Begin PBXSourcesBuildPhase section */
		598A0D1218BE9A5800E32B69 /* Sources */ = {
			isa = PBXSourcesBuildPhase;
			buildActionMask = 2147483647;
			files = (
				598A0D4D18BE9AF600E32B69 /* NSObject+Runtime.m in Sources */,
				598A0D4B18BE9AF600E32B69 /* NSObject+GCD.m in Sources */,
			);
			runOnlyForDeploymentPostprocessing = 0;
		};
		598A0D2A18BE9A5800E32B69 /* Sources */ = {
			isa = PBXSourcesBuildPhase;
			buildActionMask = 2147483647;
			files = (
				598A0D5718BE9B0C00E32B69 /* WebHereTests.m in Sources */,
				598A0D5618BE9B0C00E32B69 /* NSObject_RuntimeTest.m in Sources */,
				598A0D5818BE9B0C00E32B69 /* WHNSObject.m in Sources */,
				598A0D5518BE9B0C00E32B69 /* NSObject_GCD.m in Sources */,
			);
			runOnlyForDeploymentPostprocessing = 0;
		};
/* End PBXSourcesBuildPhase section */

/* Begin PBXTargetDependency section */
		598A0D3318BE9A5800E32B69 /* PBXTargetDependency */ = {
			isa = PBXTargetDependency;
			target = 598A0D1618BE9A5800E32B69 /* WebHere */;
			targetProxy = 598A0D3218BE9A5800E32B69 /* PBXContainerItemProxy */;
		};
/* End PBXTargetDependency section */

/* Begin PBXVariantGroup section */
		598A0D2318BE9A5800E32B69 /* InfoPlist.strings */ = {
			isa = PBXVariantGroup;
			children = (
				598A0D2418BE9A5800E32B69 /* en */,
			);
			name = InfoPlist.strings;
			sourceTree = "<group>";
		};
		598A0D3818BE9A5800E32B69 /* InfoPlist.strings */ = {
			isa = PBXVariantGroup;
			children = (
				598A0D3918BE9A5800E32B69 /* en */,
			);
			name = InfoPlist.strings;
			sourceTree = "<group>";
		};
/* End PBXVariantGroup section */

/* Begin XCBuildConfiguration section */
		598A0D3D18BE9A5800E32B69 /* Debug */ = {
			isa = XCBuildConfiguration;
			buildSettings = {
				ALWAYS_SEARCH_USER_PATHS = NO;
				CLANG_CXX_LANGUAGE_STANDARD = "gnu++0x";
				CLANG_CXX_LIBRARY = "libc++";
				CLANG_ENABLE_OBJC_ARC = YES;
				CLANG_WARN_BOOL_CONVERSION = YES;
				CLANG_WARN_CONSTANT_CONVERSION = YES;
				CLANG_WARN_DIRECT_OBJC_ISA_USAGE = YES_ERROR;
				CLANG_WARN_EMPTY_BODY = YES;
				CLANG_WARN_ENUM_CONVERSION = YES;
				CLANG_WARN_INT_CONVERSION = YES;
				CLANG_WARN_OBJC_ROOT_CLASS = YES_ERROR;
				CLANG_WARN__DUPLICATE_METHOD_MATCH = YES;
				COPY_PHASE_STRIP = NO;
				GCC_C_LANGUAGE_STANDARD = gnu99;
				GCC_DYNAMIC_NO_PIC = NO;
				GCC_ENABLE_OBJC_EXCEPTIONS = YES;
				GCC_OPTIMIZATION_LEVEL = 0;
				GCC_PREPROCESSOR_DEFINITIONS = (
					"DEBUG=1",
					"$(inherited)",
				);
				GCC_SYMBOLS_PRIVATE_EXTERN = NO;
				GCC_WARN_64_TO_32_BIT_CONVERSION = YES;
				GCC_WARN_ABOUT_RETURN_TYPE = YES_ERROR;
				GCC_WARN_UNDECLARED_SELECTOR = YES;
				GCC_WARN_UNINITIALIZED_AUTOS = YES;
				GCC_WARN_UNUSED_FUNCTION = YES;
				GCC_WARN_UNUSED_VARIABLE = YES;
				MACOSX_DEPLOYMENT_TARGET = 10.9;
				ONLY_ACTIVE_ARCH = YES;
				SDKROOT = macosx;
			};
			name = Debug;
		};
		598A0D3E18BE9A5800E32B69 /* Release */ = {
			isa = XCBuildConfiguration;
			buildSettings = {
				ALWAYS_SEARCH_USER_PATHS = NO;
				CLANG_CXX_LANGUAGE_STANDARD = "gnu++0x";
				CLANG_CXX_LIBRARY = "libc++";
				CLANG_ENABLE_OBJC_ARC = YES;
				CLANG_WARN_BOOL_CONVERSION = YES;
				CLANG_WARN_CONSTANT_CONVERSION = YES;
				CLANG_WARN_DIRECT_OBJC_ISA_USAGE = YES_ERROR;
				CLANG_WARN_EMPTY_BODY = YES;
				CLANG_WARN_ENUM_CONVERSION = YES;
				CLANG_WARN_INT_CONVERSION = YES;
				CLANG_WARN_OBJC_ROOT_CLASS = YES_ERROR;
				CLANG_WARN__DUPLICATE_METHOD_MATCH = YES;
				COPY_PHASE_STRIP = YES;
				DEBUG_INFORMATION_FORMAT = "dwarf-with-dsym";
				ENABLE_NS_ASSERTIONS = NO;
				GCC_C_LANGUAGE_STANDARD = gnu99;
				GCC_ENABLE_OBJC_EXCEPTIONS = YES;
				GCC_WARN_64_TO_32_BIT_CONVERSION = YES;
				GCC_WARN_ABOUT_RETURN_TYPE = YES_ERROR;
				GCC_WARN_UNDECLARED_SELECTOR = YES;
				GCC_WARN_UNINITIALIZED_AUTOS = YES;
				GCC_WARN_UNUSED_FUNCTION = YES;
				GCC_WARN_UNUSED_VARIABLE = YES;
				MACOSX_DEPLOYMENT_TARGET = 10.9;
				SDKROOT = macosx;
			};
			name = Release;
		};
		598A0D4018BE9A5800E32B69 /* Debug */ = {
			isa = XCBuildConfiguration;
			baseConfigurationReference = 3C708E396D23429E98F7E0CB /* Pods-WebHere.xcconfig */;
			buildSettings = {
				COMBINE_HIDPI_IMAGES = YES;
				DYLIB_COMPATIBILITY_VERSION = 1;
				DYLIB_CURRENT_VERSION = 1;
				FRAMEWORK_VERSION = A;
				GCC_PRECOMPILE_PREFIX_HEADER = YES;
				GCC_PREFIX_HEADER = "WebHere/WebHere-Prefix.pch";
				INFOPLIST_FILE = "WebHere/WebHere-Info.plist";
				PRODUCT_NAME = "$(TARGET_NAME)";
				WRAPPER_EXTENSION = framework;
			};
			name = Debug;
		};
		598A0D4118BE9A5800E32B69 /* Release */ = {
			isa = XCBuildConfiguration;
			baseConfigurationReference = 3C708E396D23429E98F7E0CB /* Pods-WebHere.xcconfig */;
			buildSettings = {
				COMBINE_HIDPI_IMAGES = YES;
				DYLIB_COMPATIBILITY_VERSION = 1;
				DYLIB_CURRENT_VERSION = 1;
				FRAMEWORK_VERSION = A;
				GCC_PRECOMPILE_PREFIX_HEADER = YES;
				GCC_PREFIX_HEADER = "WebHere/WebHere-Prefix.pch";
				INFOPLIST_FILE = "WebHere/WebHere-Info.plist";
				PRODUCT_NAME = "$(TARGET_NAME)";
				WRAPPER_EXTENSION = framework;
			};
			name = Release;
		};
		598A0D4318BE9A5800E32B69 /* Debug */ = {
			isa = XCBuildConfiguration;
			baseConfigurationReference = D9138BBB03C54F6D8E727B4E /* Pods-WebHereTests.xcconfig */;
			buildSettings = {
				BUNDLE_LOADER = "$(BUILT_PRODUCTS_DIR)/WebHere.framework/Versions/A/WebHere";
				COMBINE_HIDPI_IMAGES = YES;
				FRAMEWORK_SEARCH_PATHS = (
					"$(DEVELOPER_FRAMEWORKS_DIR)",
					"$(inherited)",
				);
				GCC_PRECOMPILE_PREFIX_HEADER = YES;
				GCC_PREFIX_HEADER = "WebHere/WebHere-Prefix.pch";
				GCC_PREPROCESSOR_DEFINITIONS = (
					"DEBUG=1",
					"$(inherited)",
				);
				INFOPLIST_FILE = "WebHereTests/WebHereTests-Info.plist";
				PRODUCT_NAME = "$(TARGET_NAME)";
				TEST_HOST = "$(BUNDLE_LOADER)";
				WRAPPER_EXTENSION = xctest;
			};
			name = Debug;
		};
		598A0D4418BE9A5800E32B69 /* Release */ = {
			isa = XCBuildConfiguration;
			baseConfigurationReference = D9138BBB03C54F6D8E727B4E /* Pods-WebHereTests.xcconfig */;
			buildSettings = {
				BUNDLE_LOADER = "$(BUILT_PRODUCTS_DIR)/WebHere.framework/Versions/A/WebHere";
				COMBINE_HIDPI_IMAGES = YES;
				FRAMEWORK_SEARCH_PATHS = (
					"$(DEVELOPER_FRAMEWORKS_DIR)",
					"$(inherited)",
				);
				GCC_PRECOMPILE_PREFIX_HEADER = YES;
				GCC_PREFIX_HEADER = "WebHere/WebHere-Prefix.pch";
				INFOPLIST_FILE = "WebHereTests/WebHereTests-Info.plist";
				PRODUCT_NAME = "$(TARGET_NAME)";
				TEST_HOST = "$(BUNDLE_LOADER)";
				WRAPPER_EXTENSION = xctest;
			};
			name = Release;
		};
/* End XCBuildConfiguration section */

/* Begin XCConfigurationList section */
		598A0D1118BE9A5800E32B69 /* Build configuration list for PBXProject "WebHere" */ = {
			isa = XCConfigurationList;
			buildConfigurations = (
				598A0D3D18BE9A5800E32B69 /* Debug */,
				598A0D3E18BE9A5800E32B69 /* Release */,
			);
			defaultConfigurationIsVisible = 0;
			defaultConfigurationName = Release;
		};
		598A0D3F18BE9A5800E32B69 /* Build configuration list for PBXNativeTarget "WebHere" */ = {
			isa = XCConfigurationList;
			buildConfigurations = (
				598A0D4018BE9A5800E32B69 /* Debug */,
				598A0D4118BE9A5800E32B69 /* Release */,
			);
			defaultConfigurationIsVisible = 0;
			defaultConfigurationName = Release;
		};
		598A0D4218BE9A5800E32B69 /* Build configuration list for PBXNativeTarget "WebHereTests" */ = {
			isa = XCConfigurationList;
			buildConfigurations = (
				598A0D4318BE9A5800E32B69 /* Debug */,
				598A0D4418BE9A5800E32B69 /* Release */,
			);
			defaultConfigurationIsVisible = 0;
			defaultConfigurationName = Release;
		};
/* End XCConfigurationList section */
	};
	rootObject = 598A0D0E18BE9A5800E32B69 /* Project object */;
}
